// !$*UTF8*$!
{
	archiveVersion = 1;
	classes = {
	};
	objectVersion = 50;
	objects = {

/* Begin PBXBuildFile section */
		46532F5739EF42AEBD20B7A9 /* Pods_UltimatePortfolio.framework in Frameworks */ = {isa = PBXBuildFile; fileRef = 294FA1578A2A98368F354765 /* Pods_UltimatePortfolio.framework */; };
		4D12D74A263EDCA400E66186 /* ItemListView.swift in Sources */ = {isa = PBXBuildFile; fileRef = 4D12D749263EDCA400E66186 /* ItemListView.swift */; };
		4D12D74C263EDD8900E66186 /* ProjectSummaryView.swift in Sources */ = {isa = PBXBuildFile; fileRef = 4D12D74B263EDD8900E66186 /* ProjectSummaryView.swift */; };
		4D205008265A8975008B4D03 /* UnlockManager.swift in Sources */ = {isa = PBXBuildFile; fileRef = 4D205007265A8975008B4D03 /* UnlockManager.swift */; };
		4D21B9DC2561D277003C820E /* EditProjectView.swift in Sources */ = {isa = PBXBuildFile; fileRef = 4D21B9DB2561D277003C820E /* EditProjectView.swift */; };
		4D2483372642CBE2002FFCE5 /* UltimatePortfolioTests.swift in Sources */ = {isa = PBXBuildFile; fileRef = 4D2483362642CBE2002FFCE5 /* UltimatePortfolioTests.swift */; };
		4D24833F2642CD03002FFCE5 /* AssetTests.swift in Sources */ = {isa = PBXBuildFile; fileRef = 4D24833E2642CD03002FFCE5 /* AssetTests.swift */; };
		4D2483412642CEA7002FFCE5 /* ProjectTests.swift in Sources */ = {isa = PBXBuildFile; fileRef = 4D2483402642CEA7002FFCE5 /* ProjectTests.swift */; };
		4D2483432642D1C9002FFCE5 /* AwardTests.swift in Sources */ = {isa = PBXBuildFile; fileRef = 4D2483422642D1C9002FFCE5 /* AwardTests.swift */; };
		4D2483452642D564002FFCE5 /* DevelopmentTests.swift in Sources */ = {isa = PBXBuildFile; fileRef = 4D2483442642D564002FFCE5 /* DevelopmentTests.swift */; };
		4D29C953280EF255004B1E7A /* CloudError.swift in Sources */ = {isa = PBXBuildFile; fileRef = C3AC4F2127049DD300E92910 /* CloudError.swift */; };
		4D29C954280EF264004B1E7A /* SignInView.swift in Sources */ = {isa = PBXBuildFile; fileRef = 4DB9F71026C589C200FE300A /* SignInView.swift */; };
		4D54731826A709CB002590BF /* SKProduct-LocalizedPrice.swift in Sources */ = {isa = PBXBuildFile; fileRef = 4D54731726A709CB002590BF /* SKProduct-LocalizedPrice.swift */; };
		4D54731A26A70A64002590BF /* PurchaseButton.swift in Sources */ = {isa = PBXBuildFile; fileRef = 4D54731926A70A64002590BF /* PurchaseButton.swift */; };
		4D54731C26A70B19002590BF /* ProductView.swift in Sources */ = {isa = PBXBuildFile; fileRef = 4D54731B26A70B19002590BF /* ProductView.swift */; };
		4D54731E26A70C67002590BF /* UnlockView.swift in Sources */ = {isa = PBXBuildFile; fileRef = 4D54731D26A70C67002590BF /* UnlockView.swift */; };
		4D5806B625D428E0004108DD /* Localizable.strings in Resources */ = {isa = PBXBuildFile; fileRef = 4D5806B825D428E0004108DD /* Localizable.strings */; };
		4D5806BB25D429A5004108DD /* Localizable.stringsdict in Resources */ = {isa = PBXBuildFile; fileRef = 4D5806BD25D429A5004108DD /* Localizable.stringsdict */; };
		4D5806C125D42AC9004108DD /* Awards.json in Resources */ = {isa = PBXBuildFile; fileRef = 4D5806C325D42AC9004108DD /* Awards.json */; };
		4D693C0525C5A3B0006255AE /* Color-Additions.swift in Sources */ = {isa = PBXBuildFile; fileRef = 4D693C0425C5A3B0006255AE /* Color-Additions.swift */; };
		4D79E51B265158B300B6E71B /* ProjectsViewModel.swift in Sources */ = {isa = PBXBuildFile; fileRef = 4D79E51A265158B300B6E71B /* ProjectsViewModel.swift */; };
		4D801BB226C166BF00D02581 /* Localizable.strings in Resources */ = {isa = PBXBuildFile; fileRef = 4D5806B825D428E0004108DD /* Localizable.strings */; };
		4D801BB326C1684D00D02581 /* Colors.xcassets in Resources */ = {isa = PBXBuildFile; fileRef = 4D8CCC04255ECEA0009B0D8A /* Colors.xcassets */; };
		4D801BB426C1687100D02581 /* Project-CoreDataHelpers.swift in Sources */ = {isa = PBXBuildFile; fileRef = 4D89ECA3255C59220068BF27 /* Project-CoreDataHelpers.swift */; };
		4D801BB526C1687B00D02581 /* Sequence-Sorting.swift in Sources */ = {isa = PBXBuildFile; fileRef = 4D8A191825655F7700BAECEE /* Sequence-Sorting.swift */; };
		4D801BB926C176F300D02581 /* SimpleWidget.swift in Sources */ = {isa = PBXBuildFile; fileRef = 4D801BB826C176F300D02581 /* SimpleWidget.swift */; };
		4D801BBB26C1774400D02581 /* ComplexWidget.swift in Sources */ = {isa = PBXBuildFile; fileRef = 4D801BBA26C1774400D02581 /* ComplexWidget.swift */; };
		4D801BBC26C17BD300D02581 /* DataProvider.swift in Sources */ = {isa = PBXBuildFile; fileRef = 4D801BB626C176C000D02581 /* DataProvider.swift */; };
		4D89EC92255AD55B0068BF27 /* DataController.swift in Sources */ = {isa = PBXBuildFile; fileRef = 4D89EC91255AD55B0068BF27 /* DataController.swift */; };
		4D89EC98255AD9F60068BF27 /* CloudKit.framework in Frameworks */ = {isa = PBXBuildFile; fileRef = 4D89EC97255AD9F60068BF27 /* CloudKit.framework */; };
		4D89EC9A255C23F20068BF27 /* HomeView.swift in Sources */ = {isa = PBXBuildFile; fileRef = 4D89EC99255C23F20068BF27 /* HomeView.swift */; };
		4D89EC9E255C25B30068BF27 /* ProjectsView.swift in Sources */ = {isa = PBXBuildFile; fileRef = 4D89EC9D255C25B30068BF27 /* ProjectsView.swift */; };
		4D89ECA1255C586B0068BF27 /* Item-CoreDataHelpers.swift in Sources */ = {isa = PBXBuildFile; fileRef = 4D89ECA0255C586B0068BF27 /* Item-CoreDataHelpers.swift */; };
		4D89ECA4255C59220068BF27 /* Project-CoreDataHelpers.swift in Sources */ = {isa = PBXBuildFile; fileRef = 4D89ECA3255C59220068BF27 /* Project-CoreDataHelpers.swift */; };
		4D89ECA7255D8B330068BF27 /* EditItemView.swift in Sources */ = {isa = PBXBuildFile; fileRef = 4D89ECA6255D8B330068BF27 /* EditItemView.swift */; };
		4D8A191925655F7700BAECEE /* Sequence-Sorting.swift in Sources */ = {isa = PBXBuildFile; fileRef = 4D8A191825655F7700BAECEE /* Sequence-Sorting.swift */; };
		4D8A193B2566D1B000BAECEE /* SelectSomethingView.swift in Sources */ = {isa = PBXBuildFile; fileRef = 4D8A193A2566D1B000BAECEE /* SelectSomethingView.swift */; };
		4D8A193F2566D32900BAECEE /* Bundle-Decodable.swift in Sources */ = {isa = PBXBuildFile; fileRef = 4D8A193E2566D32900BAECEE /* Bundle-Decodable.swift */; };
		4D8A19452566D6EE00BAECEE /* Award.swift in Sources */ = {isa = PBXBuildFile; fileRef = 4D8A19442566D6EE00BAECEE /* Award.swift */; };
		4D8A19492566D7A900BAECEE /* AwardsView.swift in Sources */ = {isa = PBXBuildFile; fileRef = 4D8A19482566D7A900BAECEE /* AwardsView.swift */; };
		4D8CCBFC255EC88C009B0D8A /* ItemRowView.swift in Sources */ = {isa = PBXBuildFile; fileRef = 4D8CCBFB255EC88C009B0D8A /* ItemRowView.swift */; };
		4D8CCBFF255EC9F6009B0D8A /* Binding-OnChange.swift in Sources */ = {isa = PBXBuildFile; fileRef = 4D8CCBFE255EC9F6009B0D8A /* Binding-OnChange.swift */; };
		4D8CCC02255ECD41009B0D8A /* ProjectHeaderView.swift in Sources */ = {isa = PBXBuildFile; fileRef = 4D8CCC01255ECD41009B0D8A /* ProjectHeaderView.swift */; };
		4D8CCC05255ECEA0009B0D8A /* Colors.xcassets in Resources */ = {isa = PBXBuildFile; fileRef = 4D8CCC04255ECEA0009B0D8A /* Colors.xcassets */; };
		4D8EABF12652A34100214A6B /* HomeViewModel.swift in Sources */ = {isa = PBXBuildFile; fileRef = 4D8EABF02652A34100214A6B /* HomeViewModel.swift */; };
		4D8EABF32652A8E200214A6B /* ItemRowViewModel.swift in Sources */ = {isa = PBXBuildFile; fileRef = 4D8EABF22652A8E200214A6B /* ItemRowViewModel.swift */; };
		4D8EABF52652ACA400214A6B /* AwardsViewModel.swift in Sources */ = {isa = PBXBuildFile; fileRef = 4D8EABF42652ACA400214A6B /* AwardsViewModel.swift */; };
		4D9C350D26C55B5D0040055C /* SharedProject.swift in Sources */ = {isa = PBXBuildFile; fileRef = 4D9C350C26C55B5C0040055C /* SharedProject.swift */; };
		4D9C350F26C55C260040055C /* SharedItem.swift in Sources */ = {isa = PBXBuildFile; fileRef = 4D9C350E26C55C260040055C /* SharedItem.swift */; };
		4D9C351126C55C8A0040055C /* LoadStates.swift in Sources */ = {isa = PBXBuildFile; fileRef = 4D9C351026C55C8A0040055C /* LoadStates.swift */; };
		4D9C351426C55D1A0040055C /* SharedProjectsView.swift in Sources */ = {isa = PBXBuildFile; fileRef = 4D9C351326C55D1A0040055C /* SharedProjectsView.swift */; };
		4DA4E19F280EE94D004B9BCE /* Assets.xcassets in Resources */ = {isa = PBXBuildFile; fileRef = 4DA4E19E280EE94D004B9BCE /* Assets.xcassets */; };
		4DA4E1A2280EE94D004B9BCE /* Preview Assets.xcassets in Resources */ = {isa = PBXBuildFile; fileRef = 4DA4E1A1280EE94D004B9BCE /* Preview Assets.xcassets */; };
		4DA4E1A8280EEA31004B9BCE /* CloudKit.framework in Frameworks */ = {isa = PBXBuildFile; fileRef = 4DA4E1A7280EEA31004B9BCE /* CloudKit.framework */; };
		4DA4E1A9280EEAC0004B9BCE /* UltimatePortfolioApp.swift in Sources */ = {isa = PBXBuildFile; fileRef = 4DEA3AA725504677007F14EC /* UltimatePortfolioApp.swift */; };
		4DA4E1AA280EEAF4004B9BCE /* DataController.swift in Sources */ = {isa = PBXBuildFile; fileRef = 4D89EC91255AD55B0068BF27 /* DataController.swift */; };
		4DA4E1AB280EEB2F004B9BCE /* ItemListView.swift in Sources */ = {isa = PBXBuildFile; fileRef = 4D12D749263EDCA400E66186 /* ItemListView.swift */; };
		4DA4E1AC280EEB2F004B9BCE /* HomeViewModel.swift in Sources */ = {isa = PBXBuildFile; fileRef = 4D8EABF02652A34100214A6B /* HomeViewModel.swift */; };
		4DA4E1AD280EEB2F004B9BCE /* ProjectSummaryView.swift in Sources */ = {isa = PBXBuildFile; fileRef = 4D12D74B263EDD8900E66186 /* ProjectSummaryView.swift */; };
		4DA4E1AE280EEB2F004B9BCE /* HomeView.swift in Sources */ = {isa = PBXBuildFile; fileRef = 4D89EC99255C23F20068BF27 /* HomeView.swift */; };
		4DA4E1AF280EEB37004B9BCE /* ProjectsView.swift in Sources */ = {isa = PBXBuildFile; fileRef = 4D89EC9D255C25B30068BF27 /* ProjectsView.swift */; };
		4DA4E1B0280EEB37004B9BCE /* SelectSomethingView.swift in Sources */ = {isa = PBXBuildFile; fileRef = 4D8A193A2566D1B000BAECEE /* SelectSomethingView.swift */; };
		4DA4E1B1280EEB37004B9BCE /* ProjectsViewModel.swift in Sources */ = {isa = PBXBuildFile; fileRef = 4D79E51A265158B300B6E71B /* ProjectsViewModel.swift */; };
		4DA4E1B2280EEB37004B9BCE /* EditProjectView.swift in Sources */ = {isa = PBXBuildFile; fileRef = 4D21B9DB2561D277003C820E /* EditProjectView.swift */; };
		4DA4E1B3280EEB37004B9BCE /* ProjectHeaderView.swift in Sources */ = {isa = PBXBuildFile; fileRef = 4D8CCC01255ECD41009B0D8A /* ProjectHeaderView.swift */; };
		4DA4E1B4280EEB37004B9BCE /* ItemRowView.swift in Sources */ = {isa = PBXBuildFile; fileRef = 4D8CCBFB255EC88C009B0D8A /* ItemRowView.swift */; };
		4DA4E1B5280EEB37004B9BCE /* ItemRowViewModel.swift in Sources */ = {isa = PBXBuildFile; fileRef = 4D8EABF22652A8E200214A6B /* ItemRowViewModel.swift */; };
		4DA4E1B6280EEB37004B9BCE /* EditItemView.swift in Sources */ = {isa = PBXBuildFile; fileRef = 4D89ECA6255D8B330068BF27 /* EditItemView.swift */; };
		4DA4E1B7280EEB49004B9BCE /* AwardsViewModel.swift in Sources */ = {isa = PBXBuildFile; fileRef = 4D8EABF42652ACA400214A6B /* AwardsViewModel.swift */; };
		4DA4E1B8280EEB49004B9BCE /* AwardsView.swift in Sources */ = {isa = PBXBuildFile; fileRef = 4D8A19482566D7A900BAECEE /* AwardsView.swift */; };
		4DA4E1B9280EEB49004B9BCE /* Award.swift in Sources */ = {isa = PBXBuildFile; fileRef = 4D8A19442566D6EE00BAECEE /* Award.swift */; };
		4DA4E1BA280EEB4C004B9BCE /* Awards.json in Resources */ = {isa = PBXBuildFile; fileRef = 4D5806C325D42AC9004108DD /* Awards.json */; };
		4DA4E1BB280EEB62004B9BCE /* Main.xcdatamodeld in Sources */ = {isa = PBXBuildFile; fileRef = 4DEA3AB7255046E9007F14EC /* Main.xcdatamodeld */; };
		4DA4E1BC280EEB74004B9BCE /* Localizable.stringsdict in Resources */ = {isa = PBXBuildFile; fileRef = 4D5806BD25D429A5004108DD /* Localizable.stringsdict */; };
		4DA4E1BD280EEB74004B9BCE /* Localizable.strings in Resources */ = {isa = PBXBuildFile; fileRef = 4D5806B825D428E0004108DD /* Localizable.strings */; };
		4DA4E1BE280EEBB9004B9BCE /* ContentView.swift in Sources */ = {isa = PBXBuildFile; fileRef = 4DEA3AA925504677007F14EC /* ContentView.swift */; };
		4DA4E1BF280EEBC7004B9BCE /* Colors.xcassets in Resources */ = {isa = PBXBuildFile; fileRef = 4D8CCC04255ECEA0009B0D8A /* Colors.xcassets */; };
		4DA4E1C0280EEC29004B9BCE /* UnlockManager.swift in Sources */ = {isa = PBXBuildFile; fileRef = 4D205007265A8975008B4D03 /* UnlockManager.swift */; };
		4DA4E1C1280EEC72004B9BCE /* Bundle-Decodable.swift in Sources */ = {isa = PBXBuildFile; fileRef = 4D8A193E2566D32900BAECEE /* Bundle-Decodable.swift */; };
		4DA4E1C2280EEC72004B9BCE /* Binding-OnChange.swift in Sources */ = {isa = PBXBuildFile; fileRef = 4D8CCBFE255EC9F6009B0D8A /* Binding-OnChange.swift */; };
		4DA4E1C4280EEC72004B9BCE /* SKProduct-LocalizedPrice.swift in Sources */ = {isa = PBXBuildFile; fileRef = 4D54731726A709CB002590BF /* SKProduct-LocalizedPrice.swift */; };
		4DA4E1C5280EEC72004B9BCE /* DataController-Awards.swift in Sources */ = {isa = PBXBuildFile; fileRef = 4DE4CBDB26C00DF7009B1655 /* DataController-Awards.swift */; };
		4DA4E1C7280EEC72004B9BCE /* Item-CoreDataHelpers.swift in Sources */ = {isa = PBXBuildFile; fileRef = 4D89ECA0255C586B0068BF27 /* Item-CoreDataHelpers.swift */; };
		4DA4E1C8280EEC72004B9BCE /* DataController-Reminders.swift in Sources */ = {isa = PBXBuildFile; fileRef = 4DE4CBD826C00D1F009B1655 /* DataController-Reminders.swift */; };
		4DA4E1C9280EEC72004B9BCE /* Project-CoreDataHelpers.swift in Sources */ = {isa = PBXBuildFile; fileRef = 4D89ECA3255C59220068BF27 /* Project-CoreDataHelpers.swift */; };
		4DA4E1CA280EEC72004B9BCE /* Error-CloudKitMessage.swift in Sources */ = {isa = PBXBuildFile; fileRef = C3AC4F1F27049AA900E92910 /* Error-CloudKitMessage.swift */; };
		4DA4E1CB280EEC72004B9BCE /* Sequence-Sorting.swift in Sources */ = {isa = PBXBuildFile; fileRef = 4D8A191825655F7700BAECEE /* Sequence-Sorting.swift */; };
		4DA4E1CC280EEC7D004B9BCE /* SharedProjectsView.swift in Sources */ = {isa = PBXBuildFile; fileRef = 4D9C351326C55D1A0040055C /* SharedProjectsView.swift */; };
		4DA4E1CD280EEC7D004B9BCE /* SharedProject.swift in Sources */ = {isa = PBXBuildFile; fileRef = 4D9C350C26C55B5C0040055C /* SharedProject.swift */; };
		4DA4E1CE280EEC7D004B9BCE /* SharedItem.swift in Sources */ = {isa = PBXBuildFile; fileRef = 4D9C350E26C55C260040055C /* SharedItem.swift */; };
		4DA4E1CF280EEC7D004B9BCE /* LoadStates.swift in Sources */ = {isa = PBXBuildFile; fileRef = 4D9C351026C55C8A0040055C /* LoadStates.swift */; };
		4DA4E1D0280EEC7D004B9BCE /* SharedItemsView.swift in Sources */ = {isa = PBXBuildFile; fileRef = 4DB9F70E26C582F100FE300A /* SharedItemsView.swift */; };
		4DA4E1D1280EEC7D004B9BCE /* ChatMessage.swift in Sources */ = {isa = PBXBuildFile; fileRef = 4DB9F71226C5D13500FE300A /* ChatMessage.swift */; };
		4DA4E1D2280EEC91004B9BCE /* ProductView.swift in Sources */ = {isa = PBXBuildFile; fileRef = 4D54731B26A70B19002590BF /* ProductView.swift */; };
		4DA4E1D3280EEC91004B9BCE /* PurchaseButton.swift in Sources */ = {isa = PBXBuildFile; fileRef = 4D54731926A70A64002590BF /* PurchaseButton.swift */; };
		4DA4E1D4280EEC91004B9BCE /* UnlockView.swift in Sources */ = {isa = PBXBuildFile; fileRef = 4D54731D26A70C67002590BF /* UnlockView.swift */; };
		4DA4E1D6280EECE1004B9BCE /* PlatformAdjustments.swift in Sources */ = {isa = PBXBuildFile; fileRef = 4DA4E1D5280EECE1004B9BCE /* PlatformAdjustments.swift */; };
		4DA4E1D8280EEDA1004B9BCE /* PlatformAdjustments.swift in Sources */ = {isa = PBXBuildFile; fileRef = 4DA4E1D7280EEDA1004B9BCE /* PlatformAdjustments.swift */; };
		4DA4E1DA280EEE6C004B9BCE /* Color-Additions.swift in Sources */ = {isa = PBXBuildFile; fileRef = 4DA4E1D9280EEE6C004B9BCE /* Color-Additions.swift */; };
		4DA5F0222645732300B346EC /* ExtensionTests.swift in Sources */ = {isa = PBXBuildFile; fileRef = 4DA5F0212645732300B346EC /* ExtensionTests.swift */; };
		4DA5F0252645770100B346EC /* DecodableDictionary.json in Resources */ = {isa = PBXBuildFile; fileRef = 4DA5F0242645770100B346EC /* DecodableDictionary.json */; };
		4DA5F0272645772C00B346EC /* DecodableString.json in Resources */ = {isa = PBXBuildFile; fileRef = 4DA5F0262645772C00B346EC /* DecodableString.json */; };
		4DA5F0292646D2B000B346EC /* PerformanceTests.swift in Sources */ = {isa = PBXBuildFile; fileRef = 4DA5F0282646D2B000B346EC /* PerformanceTests.swift */; };
		4DB9F70F26C582F100FE300A /* SharedItemsView.swift in Sources */ = {isa = PBXBuildFile; fileRef = 4DB9F70E26C582F100FE300A /* SharedItemsView.swift */; };
		4DB9F71126C589C200FE300A /* SignInView.swift in Sources */ = {isa = PBXBuildFile; fileRef = 4DB9F71026C589C200FE300A /* SignInView.swift */; };
		4DB9F71326C5D13500FE300A /* ChatMessage.swift in Sources */ = {isa = PBXBuildFile; fileRef = 4DB9F71226C5D13500FE300A /* ChatMessage.swift */; };
		4DE1B5FA264EB20F00F26330 /* UltimatePortfolioUITests.swift in Sources */ = {isa = PBXBuildFile; fileRef = 4DE1B5F9264EB20F00F26330 /* UltimatePortfolioUITests.swift */; };
		4DE4CBC526C00B8C009B1655 /* WidgetKit.framework in Frameworks */ = {isa = PBXBuildFile; fileRef = 4DE4CBC426C00B8C009B1655 /* WidgetKit.framework */; };
		4DE4CBC726C00B8C009B1655 /* SwiftUI.framework in Frameworks */ = {isa = PBXBuildFile; fileRef = 4DE4CBC626C00B8C009B1655 /* SwiftUI.framework */; };
		4DE4CBCA26C00B8C009B1655 /* PortfolioWidget.swift in Sources */ = {isa = PBXBuildFile; fileRef = 4DE4CBC926C00B8C009B1655 /* PortfolioWidget.swift */; };
		4DE4CBCC26C00B8E009B1655 /* Assets.xcassets in Resources */ = {isa = PBXBuildFile; fileRef = 4DE4CBCB26C00B8E009B1655 /* Assets.xcassets */; };
		4DE4CBD026C00B8E009B1655 /* PortfolioWidgetExtension.appex in Embed App Extensions */ = {isa = PBXBuildFile; fileRef = 4DE4CBC326C00B8C009B1655 /* PortfolioWidgetExtension.appex */; settings = {ATTRIBUTES = (RemoveHeadersOnCopy, ); }; };
		4DE4CBD526C00C51009B1655 /* DataController.swift in Sources */ = {isa = PBXBuildFile; fileRef = 4D89EC91255AD55B0068BF27 /* DataController.swift */; };
		4DE4CBD626C00C73009B1655 /* Item-CoreDataHelpers.swift in Sources */ = {isa = PBXBuildFile; fileRef = 4D89ECA0255C586B0068BF27 /* Item-CoreDataHelpers.swift */; };
		4DE4CBD726C00C80009B1655 /* Main.xcdatamodeld in Sources */ = {isa = PBXBuildFile; fileRef = 4DEA3AB7255046E9007F14EC /* Main.xcdatamodeld */; };
		4DE4CBDA26C00DA4009B1655 /* DataController-Reminders.swift in Sources */ = {isa = PBXBuildFile; fileRef = 4DE4CBD826C00D1F009B1655 /* DataController-Reminders.swift */; };
		4DE4CBDC26C00DF7009B1655 /* DataController-Awards.swift in Sources */ = {isa = PBXBuildFile; fileRef = 4DE4CBDB26C00DF7009B1655 /* DataController-Awards.swift */; };
		4DE4CBDE26C00E99009B1655 /* DataController-Application.swift in Sources */ = {isa = PBXBuildFile; fileRef = 4DE4CBDD26C00E99009B1655 /* DataController-Application.swift */; };
		4DEA3AA825504677007F14EC /* UltimatePortfolioApp.swift in Sources */ = {isa = PBXBuildFile; fileRef = 4DEA3AA725504677007F14EC /* UltimatePortfolioApp.swift */; };
		4DEA3AAA25504677007F14EC /* ContentView.swift in Sources */ = {isa = PBXBuildFile; fileRef = 4DEA3AA925504677007F14EC /* ContentView.swift */; };
		4DEA3AAC25504678007F14EC /* Assets.xcassets in Resources */ = {isa = PBXBuildFile; fileRef = 4DEA3AAB25504678007F14EC /* Assets.xcassets */; };
		4DEA3AAF25504678007F14EC /* Preview Assets.xcassets in Resources */ = {isa = PBXBuildFile; fileRef = 4DEA3AAE25504678007F14EC /* Preview Assets.xcassets */; };
		4DEA3AB9255046E9007F14EC /* Main.xcdatamodeld in Sources */ = {isa = PBXBuildFile; fileRef = 4DEA3AB7255046E9007F14EC /* Main.xcdatamodeld */; };
		4DF93F0D26A8527D00A38FB2 /* AppDelegate.swift in Sources */ = {isa = PBXBuildFile; fileRef = 4DF93F0C26A8527D00A38FB2 /* AppDelegate.swift */; };
		4DF93F0F26A852A200A38FB2 /* SceneDelegate.swift in Sources */ = {isa = PBXBuildFile; fileRef = 4DF93F0E26A852A200A38FB2 /* SceneDelegate.swift */; };
		C3AC4F2027049AA900E92910 /* Error-CloudKitMessage.swift in Sources */ = {isa = PBXBuildFile; fileRef = C3AC4F1F27049AA900E92910 /* Error-CloudKitMessage.swift */; };
		C3AC4F2227049DD300E92910 /* CloudError.swift in Sources */ = {isa = PBXBuildFile; fileRef = C3AC4F2127049DD300E92910 /* CloudError.swift */; };
/* End PBXBuildFile section */

/* Begin PBXContainerItemProxy section */
		4D2483392642CBE2002FFCE5 /* PBXContainerItemProxy */ = {
			isa = PBXContainerItemProxy;
			containerPortal = 4DEA3A9C25504677007F14EC /* Project object */;
			proxyType = 1;
			remoteGlobalIDString = 4DEA3AA325504677007F14EC;
			remoteInfo = UltimatePortfolio;
		};
		4DE1B5FC264EB20F00F26330 /* PBXContainerItemProxy */ = {
			isa = PBXContainerItemProxy;
			containerPortal = 4DEA3A9C25504677007F14EC /* Project object */;
			proxyType = 1;
			remoteGlobalIDString = 4DEA3AA325504677007F14EC;
			remoteInfo = UltimatePortfolio;
		};
		4DE4CBCE26C00B8E009B1655 /* PBXContainerItemProxy */ = {
			isa = PBXContainerItemProxy;
			containerPortal = 4DEA3A9C25504677007F14EC /* Project object */;
			proxyType = 1;
			remoteGlobalIDString = 4DE4CBC226C00B8C009B1655;
			remoteInfo = PortfolioWidgetExtension;
		};
/* End PBXContainerItemProxy section */

/* Begin PBXCopyFilesBuildPhase section */
		4DE4CBD126C00B8E009B1655 /* Embed App Extensions */ = {
			isa = PBXCopyFilesBuildPhase;
			buildActionMask = 2147483647;
			dstPath = "";
			dstSubfolderSpec = 13;
			files = (
				4DE4CBD026C00B8E009B1655 /* PortfolioWidgetExtension.appex in Embed App Extensions */,
			);
			name = "Embed App Extensions";
			runOnlyForDeploymentPostprocessing = 0;
		};
/* End PBXCopyFilesBuildPhase section */

/* Begin PBXFileReference section */
		294FA1578A2A98368F354765 /* Pods_UltimatePortfolio.framework */ = {isa = PBXFileReference; explicitFileType = wrapper.framework; includeInIndex = 0; path = Pods_UltimatePortfolio.framework; sourceTree = BUILT_PRODUCTS_DIR; };
		4D12D749263EDCA400E66186 /* ItemListView.swift */ = {isa = PBXFileReference; lastKnownFileType = sourcecode.swift; path = ItemListView.swift; sourceTree = "<group>"; };
		4D12D74B263EDD8900E66186 /* ProjectSummaryView.swift */ = {isa = PBXFileReference; lastKnownFileType = sourcecode.swift; path = ProjectSummaryView.swift; sourceTree = "<group>"; };
		4D205007265A8975008B4D03 /* UnlockManager.swift */ = {isa = PBXFileReference; lastKnownFileType = sourcecode.swift; path = UnlockManager.swift; sourceTree = "<group>"; };
		4D205009265A8B19008B4D03 /* Configuration.storekit */ = {isa = PBXFileReference; lastKnownFileType = text; path = Configuration.storekit; sourceTree = "<group>"; };
		4D21B9DB2561D277003C820E /* EditProjectView.swift */ = {isa = PBXFileReference; lastKnownFileType = sourcecode.swift; path = EditProjectView.swift; sourceTree = "<group>"; };
		4D2483342642CBE2002FFCE5 /* UltimatePortfolioTests.xctest */ = {isa = PBXFileReference; explicitFileType = wrapper.cfbundle; includeInIndex = 0; path = UltimatePortfolioTests.xctest; sourceTree = BUILT_PRODUCTS_DIR; };
		4D2483362642CBE2002FFCE5 /* UltimatePortfolioTests.swift */ = {isa = PBXFileReference; lastKnownFileType = sourcecode.swift; path = UltimatePortfolioTests.swift; sourceTree = "<group>"; };
		4D2483382642CBE2002FFCE5 /* Info.plist */ = {isa = PBXFileReference; lastKnownFileType = text.plist.xml; path = Info.plist; sourceTree = "<group>"; };
		4D24833E2642CD03002FFCE5 /* AssetTests.swift */ = {isa = PBXFileReference; lastKnownFileType = sourcecode.swift; path = AssetTests.swift; sourceTree = "<group>"; };
		4D2483402642CEA7002FFCE5 /* ProjectTests.swift */ = {isa = PBXFileReference; lastKnownFileType = sourcecode.swift; path = ProjectTests.swift; sourceTree = "<group>"; };
		4D2483422642D1C9002FFCE5 /* AwardTests.swift */ = {isa = PBXFileReference; lastKnownFileType = sourcecode.swift; path = AwardTests.swift; sourceTree = "<group>"; };
		4D2483442642D564002FFCE5 /* DevelopmentTests.swift */ = {isa = PBXFileReference; lastKnownFileType = sourcecode.swift; path = DevelopmentTests.swift; sourceTree = "<group>"; };
		4D54731726A709CB002590BF /* SKProduct-LocalizedPrice.swift */ = {isa = PBXFileReference; lastKnownFileType = sourcecode.swift; path = "SKProduct-LocalizedPrice.swift"; sourceTree = "<group>"; };
		4D54731926A70A64002590BF /* PurchaseButton.swift */ = {isa = PBXFileReference; lastKnownFileType = sourcecode.swift; path = PurchaseButton.swift; sourceTree = "<group>"; };
		4D54731B26A70B19002590BF /* ProductView.swift */ = {isa = PBXFileReference; lastKnownFileType = sourcecode.swift; path = ProductView.swift; sourceTree = "<group>"; };
		4D54731D26A70C67002590BF /* UnlockView.swift */ = {isa = PBXFileReference; lastKnownFileType = sourcecode.swift; path = UnlockView.swift; sourceTree = "<group>"; };
		4D5806B725D428E0004108DD /* en */ = {isa = PBXFileReference; lastKnownFileType = text.plist.strings; name = en; path = en.lproj/Localizable.strings; sourceTree = "<group>"; };
		4D5806BA25D428EA004108DD /* hu */ = {isa = PBXFileReference; lastKnownFileType = text.plist.strings; name = hu; path = hu.lproj/Localizable.strings; sourceTree = "<group>"; };
		4D5806BC25D429A5004108DD /* en */ = {isa = PBXFileReference; lastKnownFileType = text.plist.stringsdict; name = en; path = en.lproj/Localizable.stringsdict; sourceTree = "<group>"; };
		4D5806BF25D429AA004108DD /* hu */ = {isa = PBXFileReference; lastKnownFileType = text.plist.stringsdict; name = hu; path = hu.lproj/Localizable.stringsdict; sourceTree = "<group>"; };
		4D5806C225D42AC9004108DD /* en */ = {isa = PBXFileReference; lastKnownFileType = text.json; name = en; path = en.lproj/Awards.json; sourceTree = "<group>"; };
		4D5806C525D42AD0004108DD /* hu */ = {isa = PBXFileReference; lastKnownFileType = text.json; name = hu; path = hu.lproj/Awards.json; sourceTree = "<group>"; };
		4D693C0425C5A3B0006255AE /* Color-Additions.swift */ = {isa = PBXFileReference; lastKnownFileType = sourcecode.swift; path = "Color-Additions.swift"; sourceTree = "<group>"; };
		4D79E51A265158B300B6E71B /* ProjectsViewModel.swift */ = {isa = PBXFileReference; lastKnownFileType = sourcecode.swift; path = ProjectsViewModel.swift; sourceTree = "<group>"; };
		4D801BB626C176C000D02581 /* DataProvider.swift */ = {isa = PBXFileReference; lastKnownFileType = sourcecode.swift; path = DataProvider.swift; sourceTree = "<group>"; };
		4D801BB826C176F300D02581 /* SimpleWidget.swift */ = {isa = PBXFileReference; lastKnownFileType = sourcecode.swift; path = SimpleWidget.swift; sourceTree = "<group>"; };
		4D801BBA26C1774400D02581 /* ComplexWidget.swift */ = {isa = PBXFileReference; lastKnownFileType = sourcecode.swift; path = ComplexWidget.swift; sourceTree = "<group>"; };
		4D89EC91255AD55B0068BF27 /* DataController.swift */ = {isa = PBXFileReference; lastKnownFileType = sourcecode.swift; path = DataController.swift; sourceTree = "<group>"; };
		4D89EC94255AD9D10068BF27 /* UltimatePortfolio.entitlements */ = {isa = PBXFileReference; lastKnownFileType = text.plist.entitlements; path = UltimatePortfolio.entitlements; sourceTree = "<group>"; };
		4D89EC97255AD9F60068BF27 /* CloudKit.framework */ = {isa = PBXFileReference; lastKnownFileType = wrapper.framework; name = CloudKit.framework; path = System/Library/Frameworks/CloudKit.framework; sourceTree = SDKROOT; };
		4D89EC99255C23F20068BF27 /* HomeView.swift */ = {isa = PBXFileReference; lastKnownFileType = sourcecode.swift; path = HomeView.swift; sourceTree = "<group>"; };
		4D89EC9D255C25B30068BF27 /* ProjectsView.swift */ = {isa = PBXFileReference; lastKnownFileType = sourcecode.swift; path = ProjectsView.swift; sourceTree = "<group>"; };
		4D89ECA0255C586B0068BF27 /* Item-CoreDataHelpers.swift */ = {isa = PBXFileReference; lastKnownFileType = sourcecode.swift; path = "Item-CoreDataHelpers.swift"; sourceTree = "<group>"; };
		4D89ECA3255C59220068BF27 /* Project-CoreDataHelpers.swift */ = {isa = PBXFileReference; lastKnownFileType = sourcecode.swift; path = "Project-CoreDataHelpers.swift"; sourceTree = "<group>"; };
		4D89ECA6255D8B330068BF27 /* EditItemView.swift */ = {isa = PBXFileReference; lastKnownFileType = sourcecode.swift; path = EditItemView.swift; sourceTree = "<group>"; };
		4D8A191825655F7700BAECEE /* Sequence-Sorting.swift */ = {isa = PBXFileReference; lastKnownFileType = sourcecode.swift; path = "Sequence-Sorting.swift"; sourceTree = "<group>"; };
		4D8A193A2566D1B000BAECEE /* SelectSomethingView.swift */ = {isa = PBXFileReference; lastKnownFileType = sourcecode.swift; path = SelectSomethingView.swift; sourceTree = "<group>"; };
		4D8A193E2566D32900BAECEE /* Bundle-Decodable.swift */ = {isa = PBXFileReference; lastKnownFileType = sourcecode.swift; path = "Bundle-Decodable.swift"; sourceTree = "<group>"; };
		4D8A19442566D6EE00BAECEE /* Award.swift */ = {isa = PBXFileReference; lastKnownFileType = sourcecode.swift; path = Award.swift; sourceTree = "<group>"; };
		4D8A19482566D7A900BAECEE /* AwardsView.swift */ = {isa = PBXFileReference; lastKnownFileType = sourcecode.swift; path = AwardsView.swift; sourceTree = "<group>"; };
		4D8CCBFB255EC88C009B0D8A /* ItemRowView.swift */ = {isa = PBXFileReference; lastKnownFileType = sourcecode.swift; path = ItemRowView.swift; sourceTree = "<group>"; };
		4D8CCBFE255EC9F6009B0D8A /* Binding-OnChange.swift */ = {isa = PBXFileReference; lastKnownFileType = sourcecode.swift; path = "Binding-OnChange.swift"; sourceTree = "<group>"; };
		4D8CCC01255ECD41009B0D8A /* ProjectHeaderView.swift */ = {isa = PBXFileReference; lastKnownFileType = sourcecode.swift; path = ProjectHeaderView.swift; sourceTree = "<group>"; };
		4D8CCC04255ECEA0009B0D8A /* Colors.xcassets */ = {isa = PBXFileReference; lastKnownFileType = folder.assetcatalog; path = Colors.xcassets; sourceTree = "<group>"; };
		4D8EABF02652A34100214A6B /* HomeViewModel.swift */ = {isa = PBXFileReference; lastKnownFileType = sourcecode.swift; path = HomeViewModel.swift; sourceTree = "<group>"; };
		4D8EABF22652A8E200214A6B /* ItemRowViewModel.swift */ = {isa = PBXFileReference; lastKnownFileType = sourcecode.swift; path = ItemRowViewModel.swift; sourceTree = "<group>"; };
		4D8EABF42652ACA400214A6B /* AwardsViewModel.swift */ = {isa = PBXFileReference; lastKnownFileType = sourcecode.swift; path = AwardsViewModel.swift; sourceTree = "<group>"; };
		4D9C350C26C55B5C0040055C /* SharedProject.swift */ = {isa = PBXFileReference; lastKnownFileType = sourcecode.swift; path = SharedProject.swift; sourceTree = "<group>"; };
		4D9C350E26C55C260040055C /* SharedItem.swift */ = {isa = PBXFileReference; lastKnownFileType = sourcecode.swift; path = SharedItem.swift; sourceTree = "<group>"; };
		4D9C351026C55C8A0040055C /* LoadStates.swift */ = {isa = PBXFileReference; lastKnownFileType = sourcecode.swift; path = LoadStates.swift; sourceTree = "<group>"; };
		4D9C351326C55D1A0040055C /* SharedProjectsView.swift */ = {isa = PBXFileReference; lastKnownFileType = sourcecode.swift; path = SharedProjectsView.swift; sourceTree = "<group>"; };
		4DA4E198280EE94C004B9BCE /* UltimatePortfolioMac.app */ = {isa = PBXFileReference; explicitFileType = wrapper.application; includeInIndex = 0; path = UltimatePortfolioMac.app; sourceTree = BUILT_PRODUCTS_DIR; };
		4DA4E19E280EE94D004B9BCE /* Assets.xcassets */ = {isa = PBXFileReference; lastKnownFileType = folder.assetcatalog; path = Assets.xcassets; sourceTree = "<group>"; };
		4DA4E1A1280EE94D004B9BCE /* Preview Assets.xcassets */ = {isa = PBXFileReference; lastKnownFileType = folder.assetcatalog; path = "Preview Assets.xcassets"; sourceTree = "<group>"; };
		4DA4E1A3280EE94D004B9BCE /* UltimatePortfolioMac.entitlements */ = {isa = PBXFileReference; lastKnownFileType = text.plist.entitlements; path = UltimatePortfolioMac.entitlements; sourceTree = "<group>"; };
		4DA4E1A7280EEA31004B9BCE /* CloudKit.framework */ = {isa = PBXFileReference; lastKnownFileType = wrapper.framework; name = CloudKit.framework; path = Platforms/MacOSX.platform/Developer/SDKs/MacOSX12.3.sdk/System/Library/Frameworks/CloudKit.framework; sourceTree = DEVELOPER_DIR; };
		4DA4E1D5280EECE1004B9BCE /* PlatformAdjustments.swift */ = {isa = PBXFileReference; lastKnownFileType = sourcecode.swift; path = PlatformAdjustments.swift; sourceTree = "<group>"; };
		4DA4E1D7280EEDA1004B9BCE /* PlatformAdjustments.swift */ = {isa = PBXFileReference; lastKnownFileType = sourcecode.swift; path = PlatformAdjustments.swift; sourceTree = "<group>"; };
		4DA4E1D9280EEE6C004B9BCE /* Color-Additions.swift */ = {isa = PBXFileReference; lastKnownFileType = sourcecode.swift; path = "Color-Additions.swift"; sourceTree = "<group>"; };
		4DA5F0212645732300B346EC /* ExtensionTests.swift */ = {isa = PBXFileReference; lastKnownFileType = sourcecode.swift; path = ExtensionTests.swift; sourceTree = "<group>"; };
		4DA5F0242645770100B346EC /* DecodableDictionary.json */ = {isa = PBXFileReference; lastKnownFileType = text.json; path = DecodableDictionary.json; sourceTree = "<group>"; };
		4DA5F0262645772C00B346EC /* DecodableString.json */ = {isa = PBXFileReference; lastKnownFileType = text.json; path = DecodableString.json; sourceTree = "<group>"; };
		4DA5F0282646D2B000B346EC /* PerformanceTests.swift */ = {isa = PBXFileReference; lastKnownFileType = sourcecode.swift; path = PerformanceTests.swift; sourceTree = "<group>"; };
		4DB9F70E26C582F100FE300A /* SharedItemsView.swift */ = {isa = PBXFileReference; lastKnownFileType = sourcecode.swift; path = SharedItemsView.swift; sourceTree = "<group>"; };
		4DB9F71026C589C200FE300A /* SignInView.swift */ = {isa = PBXFileReference; lastKnownFileType = sourcecode.swift; path = SignInView.swift; sourceTree = "<group>"; };
		4DB9F71226C5D13500FE300A /* ChatMessage.swift */ = {isa = PBXFileReference; lastKnownFileType = sourcecode.swift; path = ChatMessage.swift; sourceTree = "<group>"; };
		4DBB749E264036E300704719 /* README.md */ = {isa = PBXFileReference; lastKnownFileType = net.daringfireball.markdown; path = README.md; sourceTree = "<group>"; };
		4DE1B5F7264EB20F00F26330 /* UltimatePortfolioUITests.xctest */ = {isa = PBXFileReference; explicitFileType = wrapper.cfbundle; includeInIndex = 0; path = UltimatePortfolioUITests.xctest; sourceTree = BUILT_PRODUCTS_DIR; };
		4DE1B5F9264EB20F00F26330 /* UltimatePortfolioUITests.swift */ = {isa = PBXFileReference; lastKnownFileType = sourcecode.swift; path = UltimatePortfolioUITests.swift; sourceTree = "<group>"; };
		4DE1B5FB264EB20F00F26330 /* Info.plist */ = {isa = PBXFileReference; lastKnownFileType = text.plist.xml; path = Info.plist; sourceTree = "<group>"; };
		4DE4CBC326C00B8C009B1655 /* PortfolioWidgetExtension.appex */ = {isa = PBXFileReference; explicitFileType = "wrapper.app-extension"; includeInIndex = 0; path = PortfolioWidgetExtension.appex; sourceTree = BUILT_PRODUCTS_DIR; };
		4DE4CBC426C00B8C009B1655 /* WidgetKit.framework */ = {isa = PBXFileReference; lastKnownFileType = wrapper.framework; name = WidgetKit.framework; path = System/Library/Frameworks/WidgetKit.framework; sourceTree = SDKROOT; };
		4DE4CBC626C00B8C009B1655 /* SwiftUI.framework */ = {isa = PBXFileReference; lastKnownFileType = wrapper.framework; name = SwiftUI.framework; path = System/Library/Frameworks/SwiftUI.framework; sourceTree = SDKROOT; };
		4DE4CBC926C00B8C009B1655 /* PortfolioWidget.swift */ = {isa = PBXFileReference; lastKnownFileType = sourcecode.swift; path = PortfolioWidget.swift; sourceTree = "<group>"; };
		4DE4CBCB26C00B8E009B1655 /* Assets.xcassets */ = {isa = PBXFileReference; lastKnownFileType = folder.assetcatalog; path = Assets.xcassets; sourceTree = "<group>"; };
		4DE4CBCD26C00B8E009B1655 /* Info.plist */ = {isa = PBXFileReference; lastKnownFileType = text.plist.xml; path = Info.plist; sourceTree = "<group>"; };
		4DE4CBD826C00D1F009B1655 /* DataController-Reminders.swift */ = {isa = PBXFileReference; lastKnownFileType = sourcecode.swift; path = "DataController-Reminders.swift"; sourceTree = "<group>"; };
		4DE4CBDB26C00DF7009B1655 /* DataController-Awards.swift */ = {isa = PBXFileReference; lastKnownFileType = sourcecode.swift; path = "DataController-Awards.swift"; sourceTree = "<group>"; };
		4DE4CBDD26C00E99009B1655 /* DataController-Application.swift */ = {isa = PBXFileReference; lastKnownFileType = sourcecode.swift; path = "DataController-Application.swift"; sourceTree = "<group>"; };
		4DE4CBDF26C00FED009B1655 /* PortfolioWidgetExtension.entitlements */ = {isa = PBXFileReference; lastKnownFileType = text.plist.entitlements; path = PortfolioWidgetExtension.entitlements; sourceTree = "<group>"; };
		4DEA3AA425504677007F14EC /* UltimatePortfolio.app */ = {isa = PBXFileReference; explicitFileType = wrapper.application; includeInIndex = 0; path = UltimatePortfolio.app; sourceTree = BUILT_PRODUCTS_DIR; };
		4DEA3AA725504677007F14EC /* UltimatePortfolioApp.swift */ = {isa = PBXFileReference; lastKnownFileType = sourcecode.swift; path = UltimatePortfolioApp.swift; sourceTree = "<group>"; };
		4DEA3AA925504677007F14EC /* ContentView.swift */ = {isa = PBXFileReference; lastKnownFileType = sourcecode.swift; path = ContentView.swift; sourceTree = "<group>"; };
		4DEA3AAB25504678007F14EC /* Assets.xcassets */ = {isa = PBXFileReference; lastKnownFileType = folder.assetcatalog; path = Assets.xcassets; sourceTree = "<group>"; };
		4DEA3AAE25504678007F14EC /* Preview Assets.xcassets */ = {isa = PBXFileReference; lastKnownFileType = folder.assetcatalog; path = "Preview Assets.xcassets"; sourceTree = "<group>"; };
		4DEA3AB025504678007F14EC /* Info.plist */ = {isa = PBXFileReference; lastKnownFileType = text.plist.xml; path = Info.plist; sourceTree = "<group>"; };
		4DEA3AB8255046E9007F14EC /* Main.xcdatamodel */ = {isa = PBXFileReference; lastKnownFileType = wrapper.xcdatamodel; path = Main.xcdatamodel; sourceTree = "<group>"; };
		4DF93F0C26A8527D00A38FB2 /* AppDelegate.swift */ = {isa = PBXFileReference; lastKnownFileType = sourcecode.swift; path = AppDelegate.swift; sourceTree = "<group>"; };
		4DF93F0E26A852A200A38FB2 /* SceneDelegate.swift */ = {isa = PBXFileReference; lastKnownFileType = sourcecode.swift; path = SceneDelegate.swift; sourceTree = "<group>"; };
		BD7801A2C440EA0EC6B7772E /* Pods-UltimatePortfolio.release.xcconfig */ = {isa = PBXFileReference; includeInIndex = 1; lastKnownFileType = text.xcconfig; name = "Pods-UltimatePortfolio.release.xcconfig"; path = "Target Support Files/Pods-UltimatePortfolio/Pods-UltimatePortfolio.release.xcconfig"; sourceTree = "<group>"; };
		C3AC4F1F27049AA900E92910 /* Error-CloudKitMessage.swift */ = {isa = PBXFileReference; lastKnownFileType = sourcecode.swift; path = "Error-CloudKitMessage.swift"; sourceTree = "<group>"; };
		C3AC4F2127049DD300E92910 /* CloudError.swift */ = {isa = PBXFileReference; lastKnownFileType = sourcecode.swift; path = CloudError.swift; sourceTree = "<group>"; };
		FE0F2C239DBDE644E89C7457 /* Pods-UltimatePortfolio.debug.xcconfig */ = {isa = PBXFileReference; includeInIndex = 1; lastKnownFileType = text.xcconfig; name = "Pods-UltimatePortfolio.debug.xcconfig"; path = "Target Support Files/Pods-UltimatePortfolio/Pods-UltimatePortfolio.debug.xcconfig"; sourceTree = "<group>"; };
/* End PBXFileReference section */

/* Begin PBXFrameworksBuildPhase section */
		4D2483312642CBE2002FFCE5 /* Frameworks */ = {
			isa = PBXFrameworksBuildPhase;
			buildActionMask = 2147483647;
			files = (
			);
			runOnlyForDeploymentPostprocessing = 0;
		};
		4DA4E195280EE94C004B9BCE /* Frameworks */ = {
			isa = PBXFrameworksBuildPhase;
			buildActionMask = 2147483647;
			files = (
				4DA4E1A8280EEA31004B9BCE /* CloudKit.framework in Frameworks */,
			);
			runOnlyForDeploymentPostprocessing = 0;
		};
		4DE1B5F4264EB20F00F26330 /* Frameworks */ = {
			isa = PBXFrameworksBuildPhase;
			buildActionMask = 2147483647;
			files = (
			);
			runOnlyForDeploymentPostprocessing = 0;
		};
		4DE4CBC026C00B8C009B1655 /* Frameworks */ = {
			isa = PBXFrameworksBuildPhase;
			buildActionMask = 2147483647;
			files = (
				4DE4CBC726C00B8C009B1655 /* SwiftUI.framework in Frameworks */,
				4DE4CBC526C00B8C009B1655 /* WidgetKit.framework in Frameworks */,
			);
			runOnlyForDeploymentPostprocessing = 0;
		};
		4DEA3AA125504677007F14EC /* Frameworks */ = {
			isa = PBXFrameworksBuildPhase;
			buildActionMask = 2147483647;
			files = (
				4D89EC98255AD9F60068BF27 /* CloudKit.framework in Frameworks */,
				46532F5739EF42AEBD20B7A9 /* Pods_UltimatePortfolio.framework in Frameworks */,
			);
			runOnlyForDeploymentPostprocessing = 0;
		};
/* End PBXFrameworksBuildPhase section */

/* Begin PBXGroup section */
		0A8436C0608667A617124CC4 /* Pods */ = {
			isa = PBXGroup;
			children = (
				FE0F2C239DBDE644E89C7457 /* Pods-UltimatePortfolio.debug.xcconfig */,
				BD7801A2C440EA0EC6B7772E /* Pods-UltimatePortfolio.release.xcconfig */,
			);
			path = Pods;
			sourceTree = "<group>";
		};
		4D2483352642CBE2002FFCE5 /* UltimatePortfolioTests */ = {
			isa = PBXGroup;
			children = (
				4DA5F023264576C600B346EC /* MockData */,
				4D2483362642CBE2002FFCE5 /* UltimatePortfolioTests.swift */,
				4D24833E2642CD03002FFCE5 /* AssetTests.swift */,
				4D2483402642CEA7002FFCE5 /* ProjectTests.swift */,
				4D2483382642CBE2002FFCE5 /* Info.plist */,
				4D2483422642D1C9002FFCE5 /* AwardTests.swift */,
				4D2483442642D564002FFCE5 /* DevelopmentTests.swift */,
				4DA5F0212645732300B346EC /* ExtensionTests.swift */,
				4DA5F0282646D2B000B346EC /* PerformanceTests.swift */,
			);
			path = UltimatePortfolioTests;
			sourceTree = "<group>";
		};
		4D54731F26A73145002590BF /* Unlock */ = {
			isa = PBXGroup;
			children = (
				4D54731D26A70C67002590BF /* UnlockView.swift */,
				4D54731926A70A64002590BF /* PurchaseButton.swift */,
				4D54731B26A70B19002590BF /* ProductView.swift */,
				4D205007265A8975008B4D03 /* UnlockManager.swift */,
			);
			path = Unlock;
			sourceTree = "<group>";
		};
		4D89EC96255AD9F60068BF27 /* Frameworks */ = {
			isa = PBXGroup;
			children = (
				4DA4E1A7280EEA31004B9BCE /* CloudKit.framework */,
				4D89EC97255AD9F60068BF27 /* CloudKit.framework */,
				294FA1578A2A98368F354765 /* Pods_UltimatePortfolio.framework */,
				4DE4CBC426C00B8C009B1655 /* WidgetKit.framework */,
				4DE4CBC626C00B8C009B1655 /* SwiftUI.framework */,
			);
			name = Frameworks;
			sourceTree = "<group>";
		};
		4D9C351226C55CC90040055C /* Community */ = {
			isa = PBXGroup;
			children = (
				4D9C350C26C55B5C0040055C /* SharedProject.swift */,
				4D9C351326C55D1A0040055C /* SharedProjectsView.swift */,
				4DB9F70E26C582F100FE300A /* SharedItemsView.swift */,
				4D9C350E26C55C260040055C /* SharedItem.swift */,
				4D9C351026C55C8A0040055C /* LoadStates.swift */,
				4DB9F71226C5D13500FE300A /* ChatMessage.swift */,
			);
			path = Community;
			sourceTree = "<group>";
		};
		4DA4E199280EE94C004B9BCE /* UltimatePortfolioMac */ = {
			isa = PBXGroup;
			children = (
				4DA4E19E280EE94D004B9BCE /* Assets.xcassets */,
				4DA4E1A3280EE94D004B9BCE /* UltimatePortfolioMac.entitlements */,
				4DA4E1A0280EE94D004B9BCE /* Preview Content */,
				4DA4E1D5280EECE1004B9BCE /* PlatformAdjustments.swift */,
				4DA4E1D9280EEE6C004B9BCE /* Color-Additions.swift */,
			);
			path = UltimatePortfolioMac;
			sourceTree = "<group>";
		};
		4DA4E1A0280EE94D004B9BCE /* Preview Content */ = {
			isa = PBXGroup;
			children = (
				4DA4E1A1280EE94D004B9BCE /* Preview Assets.xcassets */,
			);
			path = "Preview Content";
			sourceTree = "<group>";
		};
		4DA5F023264576C600B346EC /* MockData */ = {
			isa = PBXGroup;
			children = (
				4DA5F0242645770100B346EC /* DecodableDictionary.json */,
				4DA5F0262645772C00B346EC /* DecodableString.json */,
			);
			path = MockData;
			sourceTree = "<group>";
		};
		4DBB749F2640377200704719 /* Views */ = {
			isa = PBXGroup;
			children = (
			);
			path = Views;
			sourceTree = "<group>";
		};
		4DBB74A02640379B00704719 /* Models */ = {
			isa = PBXGroup;
			children = (
			);
			path = Models;
			sourceTree = "<group>";
		};
		4DBB74A2264037D700704719 /* Extensions */ = {
			isa = PBXGroup;
			children = (
				4D8CCBFE255EC9F6009B0D8A /* Binding-OnChange.swift */,
				4D8A193E2566D32900BAECEE /* Bundle-Decodable.swift */,
				4D693C0425C5A3B0006255AE /* Color-Additions.swift */,
				4DE4CBDD26C00E99009B1655 /* DataController-Application.swift */,
				4DE4CBDB26C00DF7009B1655 /* DataController-Awards.swift */,
				4DE4CBD826C00D1F009B1655 /* DataController-Reminders.swift */,
				4D89ECA0255C586B0068BF27 /* Item-CoreDataHelpers.swift */,
				4D89ECA3255C59220068BF27 /* Project-CoreDataHelpers.swift */,
				4D8A191825655F7700BAECEE /* Sequence-Sorting.swift */,
				4D54731726A709CB002590BF /* SKProduct-LocalizedPrice.swift */,
				C3AC4F1F27049AA900E92910 /* Error-CloudKitMessage.swift */,
			);
			path = Extensions;
			sourceTree = "<group>";
		};
		4DBB74A3264037EB00704719 /* Localization */ = {
			isa = PBXGroup;
			children = (
				4D5806B825D428E0004108DD /* Localizable.strings */,
				4D5806BD25D429A5004108DD /* Localizable.stringsdict */,
			);
			path = Localization;
			sourceTree = "<group>";
		};
		4DBB74A42640380500704719 /* Configuration */ = {
			isa = PBXGroup;
			children = (
				4DEA3AB025504678007F14EC /* Info.plist */,
				4DEA3AB7255046E9007F14EC /* Main.xcdatamodeld */,
				4D89EC94255AD9D10068BF27 /* UltimatePortfolio.entitlements */,
				4D205009265A8B19008B4D03 /* Configuration.storekit */,
			);
			path = Configuration;
			sourceTree = "<group>";
		};
		4DBB74A5264038A700704719 /* Activities */ = {
			isa = PBXGroup;
			children = (
				4D9C351226C55CC90040055C /* Community */,
				4D54731F26A73145002590BF /* Unlock */,
				4DBB74A92640390400704719 /* Awards */,
				4DBB74A8264038FF00704719 /* Projects */,
				4DBB74A7264038EE00704719 /* Home */,
				4DB9F71026C589C200FE300A /* SignInView.swift */,
			);
			path = Activities;
			sourceTree = "<group>";
		};
		4DBB74A7264038EE00704719 /* Home */ = {
			isa = PBXGroup;
			children = (
				4D89EC99255C23F20068BF27 /* HomeView.swift */,
				4D8EABF02652A34100214A6B /* HomeViewModel.swift */,
				4D12D74B263EDD8900E66186 /* ProjectSummaryView.swift */,
				4D12D749263EDCA400E66186 /* ItemListView.swift */,
			);
			path = Home;
			sourceTree = "<group>";
		};
		4DBB74A8264038FF00704719 /* Projects */ = {
			isa = PBXGroup;
			children = (
				4D89ECA6255D8B330068BF27 /* EditItemView.swift */,
				4D21B9DB2561D277003C820E /* EditProjectView.swift */,
				4D8CCBFB255EC88C009B0D8A /* ItemRowView.swift */,
				4D8EABF22652A8E200214A6B /* ItemRowViewModel.swift */,
				4D8CCC01255ECD41009B0D8A /* ProjectHeaderView.swift */,
				4D89EC9D255C25B30068BF27 /* ProjectsView.swift */,
				4D79E51A265158B300B6E71B /* ProjectsViewModel.swift */,
				4D8A193A2566D1B000BAECEE /* SelectSomethingView.swift */,
			);
			path = Projects;
			sourceTree = "<group>";
		};
		4DBB74A92640390400704719 /* Awards */ = {
			isa = PBXGroup;
			children = (
				4D8A19442566D6EE00BAECEE /* Award.swift */,
				4D5806C325D42AC9004108DD /* Awards.json */,
				4D8A19482566D7A900BAECEE /* AwardsView.swift */,
				4D8EABF42652ACA400214A6B /* AwardsViewModel.swift */,
			);
			path = Awards;
			sourceTree = "<group>";
		};
		4DE1B5F8264EB20F00F26330 /* UltimatePortfolioUITests */ = {
			isa = PBXGroup;
			children = (
				4DE1B5F9264EB20F00F26330 /* UltimatePortfolioUITests.swift */,
				4DE1B5FB264EB20F00F26330 /* Info.plist */,
			);
			path = UltimatePortfolioUITests;
			sourceTree = "<group>";
		};
		4DE4CBC826C00B8C009B1655 /* PortfolioWidget */ = {
			isa = PBXGroup;
			children = (
				4DE4CBCB26C00B8E009B1655 /* Assets.xcassets */,
				4D801BBA26C1774400D02581 /* ComplexWidget.swift */,
				4D801BB626C176C000D02581 /* DataProvider.swift */,
				4DE4CBCD26C00B8E009B1655 /* Info.plist */,
				4DE4CBC926C00B8C009B1655 /* PortfolioWidget.swift */,
				4D801BB826C176F300D02581 /* SimpleWidget.swift */,
			);
			path = PortfolioWidget;
			sourceTree = "<group>";
		};
		4DEA3A9B25504677007F14EC = {
			isa = PBXGroup;
			children = (
				4DE4CBDF26C00FED009B1655 /* PortfolioWidgetExtension.entitlements */,
				4DBB749E264036E300704719 /* README.md */,
				4DEA3AA625504677007F14EC /* UltimatePortfolio */,
				4D2483352642CBE2002FFCE5 /* UltimatePortfolioTests */,
				4DE1B5F8264EB20F00F26330 /* UltimatePortfolioUITests */,
				4DE4CBC826C00B8C009B1655 /* PortfolioWidget */,
				4DA4E199280EE94C004B9BCE /* UltimatePortfolioMac */,
				4DEA3AA525504677007F14EC /* Products */,
				4D89EC96255AD9F60068BF27 /* Frameworks */,
				0A8436C0608667A617124CC4 /* Pods */,
			);
			sourceTree = "<group>";
		};
		4DEA3AA525504677007F14EC /* Products */ = {
			isa = PBXGroup;
			children = (
				4DEA3AA425504677007F14EC /* UltimatePortfolio.app */,
				4D2483342642CBE2002FFCE5 /* UltimatePortfolioTests.xctest */,
				4DE1B5F7264EB20F00F26330 /* UltimatePortfolioUITests.xctest */,
				4DE4CBC326C00B8C009B1655 /* PortfolioWidgetExtension.appex */,
				4DA4E198280EE94C004B9BCE /* UltimatePortfolioMac.app */,
			);
			name = Products;
			sourceTree = "<group>";
		};
		4DEA3AA625504677007F14EC /* UltimatePortfolio */ = {
			isa = PBXGroup;
			children = (
				4DBB74A5264038A700704719 /* Activities */,
				4DEA3AAB25504678007F14EC /* Assets.xcassets */,
				4DBB74A02640379B00704719 /* Models */,
				4DBB74A3264037EB00704719 /* Localization */,
				4DBB749F2640377200704719 /* Views */,
				4DBB74A2264037D700704719 /* Extensions */,
				4D8CCC04255ECEA0009B0D8A /* Colors.xcassets */,
				4DBB74A42640380500704719 /* Configuration */,
				4DEA3AAD25504678007F14EC /* Preview Content */,
				4D89EC91255AD55B0068BF27 /* DataController.swift */,
				4DEA3AA725504677007F14EC /* UltimatePortfolioApp.swift */,
				4DF93F0C26A8527D00A38FB2 /* AppDelegate.swift */,
				4DF93F0E26A852A200A38FB2 /* SceneDelegate.swift */,
				4DA4E1D7280EEDA1004B9BCE /* PlatformAdjustments.swift */,
				4DEA3AA925504677007F14EC /* ContentView.swift */,
				C3AC4F2127049DD300E92910 /* CloudError.swift */,
			);
			path = UltimatePortfolio;
			sourceTree = "<group>";
		};
		4DEA3AAD25504678007F14EC /* Preview Content */ = {
			isa = PBXGroup;
			children = (
				4DEA3AAE25504678007F14EC /* Preview Assets.xcassets */,
			);
			path = "Preview Content";
			sourceTree = "<group>";
		};
/* End PBXGroup section */

/* Begin PBXNativeTarget section */
		4D2483332642CBE2002FFCE5 /* UltimatePortfolioTests */ = {
			isa = PBXNativeTarget;
			buildConfigurationList = 4D24833D2642CBE2002FFCE5 /* Build configuration list for PBXNativeTarget "UltimatePortfolioTests" */;
			buildPhases = (
				4D2483302642CBE2002FFCE5 /* Sources */,
				4D2483312642CBE2002FFCE5 /* Frameworks */,
				4D2483322642CBE2002FFCE5 /* Resources */,
			);
			buildRules = (
			);
			dependencies = (
				4D24833A2642CBE2002FFCE5 /* PBXTargetDependency */,
			);
			name = UltimatePortfolioTests;
			productName = UltimatePortfolioTests;
			productReference = 4D2483342642CBE2002FFCE5 /* UltimatePortfolioTests.xctest */;
			productType = "com.apple.product-type.bundle.unit-test";
		};
		4DA4E197280EE94C004B9BCE /* UltimatePortfolioMac */ = {
			isa = PBXNativeTarget;
			buildConfigurationList = 4DA4E1A6280EE94D004B9BCE /* Build configuration list for PBXNativeTarget "UltimatePortfolioMac" */;
			buildPhases = (
				4DA4E194280EE94C004B9BCE /* Sources */,
				4DA4E195280EE94C004B9BCE /* Frameworks */,
				4DA4E196280EE94C004B9BCE /* Resources */,
			);
			buildRules = (
			);
			dependencies = (
			);
			name = UltimatePortfolioMac;
			productName = UltimatePortfolioMac;
			productReference = 4DA4E198280EE94C004B9BCE /* UltimatePortfolioMac.app */;
			productType = "com.apple.product-type.application";
		};
		4DE1B5F6264EB20F00F26330 /* UltimatePortfolioUITests */ = {
			isa = PBXNativeTarget;
			buildConfigurationList = 4DE1B600264EB20F00F26330 /* Build configuration list for PBXNativeTarget "UltimatePortfolioUITests" */;
			buildPhases = (
				4DE1B5F3264EB20F00F26330 /* Sources */,
				4DE1B5F4264EB20F00F26330 /* Frameworks */,
				4DE1B5F5264EB20F00F26330 /* Resources */,
			);
			buildRules = (
			);
			dependencies = (
				4DE1B5FD264EB20F00F26330 /* PBXTargetDependency */,
			);
			name = UltimatePortfolioUITests;
			productName = UltimatePortfolioUITests;
			productReference = 4DE1B5F7264EB20F00F26330 /* UltimatePortfolioUITests.xctest */;
			productType = "com.apple.product-type.bundle.ui-testing";
		};
		4DE4CBC226C00B8C009B1655 /* PortfolioWidgetExtension */ = {
			isa = PBXNativeTarget;
			buildConfigurationList = 4DE4CBD426C00B8E009B1655 /* Build configuration list for PBXNativeTarget "PortfolioWidgetExtension" */;
			buildPhases = (
				4DE4CBBF26C00B8C009B1655 /* Sources */,
				4DE4CBC026C00B8C009B1655 /* Frameworks */,
				4DE4CBC126C00B8C009B1655 /* Resources */,
			);
			buildRules = (
			);
			dependencies = (
			);
			name = PortfolioWidgetExtension;
			productName = PortfolioWidgetExtension;
			productReference = 4DE4CBC326C00B8C009B1655 /* PortfolioWidgetExtension.appex */;
			productType = "com.apple.product-type.app-extension";
		};
		4DEA3AA325504677007F14EC /* UltimatePortfolio */ = {
			isa = PBXNativeTarget;
			buildConfigurationList = 4DEA3AB325504678007F14EC /* Build configuration list for PBXNativeTarget "UltimatePortfolio" */;
			buildPhases = (
				F6CE93EFFD50CC5FA77E858F /* [CP] Check Pods Manifest.lock */,
				4DEA3AA025504677007F14EC /* Sources */,
				4DEA3AA125504677007F14EC /* Frameworks */,
				4DEA3AA225504677007F14EC /* Resources */,
				4DBB749D2640287500704719 /* SwiftLint */,
				4DE4CBD126C00B8E009B1655 /* Embed App Extensions */,
			);
			buildRules = (
			);
			dependencies = (
				4DE4CBCF26C00B8E009B1655 /* PBXTargetDependency */,
			);
			name = UltimatePortfolio;
			productName = UltimatePortfolio;
			productReference = 4DEA3AA425504677007F14EC /* UltimatePortfolio.app */;
			productType = "com.apple.product-type.application";
		};
/* End PBXNativeTarget section */

/* Begin PBXProject section */
		4DEA3A9C25504677007F14EC /* Project object */ = {
			isa = PBXProject;
			attributes = {
				LastSwiftUpdateCheck = 1330;
				LastUpgradeCheck = 1250;
				TargetAttributes = {
					4D2483332642CBE2002FFCE5 = {
						CreatedOnToolsVersion = 12.5;
						TestTargetID = 4DEA3AA325504677007F14EC;
					};
					4DA4E197280EE94C004B9BCE = {
						CreatedOnToolsVersion = 13.3.1;
					};
					4DE1B5F6264EB20F00F26330 = {
						CreatedOnToolsVersion = 12.5;
						TestTargetID = 4DEA3AA325504677007F14EC;
					};
					4DE4CBC226C00B8C009B1655 = {
						CreatedOnToolsVersion = 13.0;
					};
					4DEA3AA325504677007F14EC = {
						CreatedOnToolsVersion = 12.1;
					};
				};
			};
			buildConfigurationList = 4DEA3A9F25504677007F14EC /* Build configuration list for PBXProject "UltimatePortfolio" */;
			compatibilityVersion = "Xcode 9.3";
			developmentRegion = en;
			hasScannedForEncodings = 0;
			knownRegions = (
				en,
				Base,
				hu,
			);
			mainGroup = 4DEA3A9B25504677007F14EC;
			productRefGroup = 4DEA3AA525504677007F14EC /* Products */;
			projectDirPath = "";
			projectRoot = "";
			targets = (
				4DEA3AA325504677007F14EC /* UltimatePortfolio */,
				4D2483332642CBE2002FFCE5 /* UltimatePortfolioTests */,
				4DE1B5F6264EB20F00F26330 /* UltimatePortfolioUITests */,
				4DE4CBC226C00B8C009B1655 /* PortfolioWidgetExtension */,
				4DA4E197280EE94C004B9BCE /* UltimatePortfolioMac */,
			);
		};
/* End PBXProject section */

/* Begin PBXResourcesBuildPhase section */
		4D2483322642CBE2002FFCE5 /* Resources */ = {
			isa = PBXResourcesBuildPhase;
			buildActionMask = 2147483647;
			files = (
				4DA5F0272645772C00B346EC /* DecodableString.json in Resources */,
				4DA5F0252645770100B346EC /* DecodableDictionary.json in Resources */,
			);
			runOnlyForDeploymentPostprocessing = 0;
		};
		4DA4E196280EE94C004B9BCE /* Resources */ = {
			isa = PBXResourcesBuildPhase;
			buildActionMask = 2147483647;
			files = (
				4DA4E1BD280EEB74004B9BCE /* Localizable.strings in Resources */,
				4DA4E1A2280EE94D004B9BCE /* Preview Assets.xcassets in Resources */,
				4DA4E1BC280EEB74004B9BCE /* Localizable.stringsdict in Resources */,
				4DA4E1BF280EEBC7004B9BCE /* Colors.xcassets in Resources */,
				4DA4E1BA280EEB4C004B9BCE /* Awards.json in Resources */,
				4DA4E19F280EE94D004B9BCE /* Assets.xcassets in Resources */,
			);
			runOnlyForDeploymentPostprocessing = 0;
		};
		4DE1B5F5264EB20F00F26330 /* Resources */ = {
			isa = PBXResourcesBuildPhase;
			buildActionMask = 2147483647;
			files = (
			);
			runOnlyForDeploymentPostprocessing = 0;
		};
		4DE4CBC126C00B8C009B1655 /* Resources */ = {
			isa = PBXResourcesBuildPhase;
			buildActionMask = 2147483647;
			files = (
				4D801BB326C1684D00D02581 /* Colors.xcassets in Resources */,
				4DE4CBCC26C00B8E009B1655 /* Assets.xcassets in Resources */,
				4D801BB226C166BF00D02581 /* Localizable.strings in Resources */,
			);
			runOnlyForDeploymentPostprocessing = 0;
		};
		4DEA3AA225504677007F14EC /* Resources */ = {
			isa = PBXResourcesBuildPhase;
			buildActionMask = 2147483647;
			files = (
				4D8CCC05255ECEA0009B0D8A /* Colors.xcassets in Resources */,
				4D5806C125D42AC9004108DD /* Awards.json in Resources */,
				4DEA3AAF25504678007F14EC /* Preview Assets.xcassets in Resources */,
				4DEA3AAC25504678007F14EC /* Assets.xcassets in Resources */,
				4D5806B625D428E0004108DD /* Localizable.strings in Resources */,
				4D5806BB25D429A5004108DD /* Localizable.stringsdict in Resources */,
			);
			runOnlyForDeploymentPostprocessing = 0;
		};
/* End PBXResourcesBuildPhase section */

/* Begin PBXShellScriptBuildPhase section */
		4DBB749D2640287500704719 /* SwiftLint */ = {
			isa = PBXShellScriptBuildPhase;
			buildActionMask = 2147483647;
			files = (
			);
			inputFileListPaths = (
			);
			inputPaths = (
			);
			name = SwiftLint;
			outputFileListPaths = (
			);
			outputPaths = (
			);
			runOnlyForDeploymentPostprocessing = 0;
			shellPath = /bin/sh;
			shellScript = "\"${PODS_ROOT}/SwiftLint/swiftlint\"\n";
		};
		F6CE93EFFD50CC5FA77E858F /* [CP] Check Pods Manifest.lock */ = {
			isa = PBXShellScriptBuildPhase;
			buildActionMask = 2147483647;
			files = (
			);
			inputFileListPaths = (
			);
			inputPaths = (
				"${PODS_PODFILE_DIR_PATH}/Podfile.lock",
				"${PODS_ROOT}/Manifest.lock",
			);
			name = "[CP] Check Pods Manifest.lock";
			outputFileListPaths = (
			);
			outputPaths = (
				"$(DERIVED_FILE_DIR)/Pods-UltimatePortfolio-checkManifestLockResult.txt",
			);
			runOnlyForDeploymentPostprocessing = 0;
			shellPath = /bin/sh;
			shellScript = "diff \"${PODS_PODFILE_DIR_PATH}/Podfile.lock\" \"${PODS_ROOT}/Manifest.lock\" > /dev/null\nif [ $? != 0 ] ; then\n    # print error to STDERR\n    echo \"error: The sandbox is not in sync with the Podfile.lock. Run 'pod install' or update your CocoaPods installation.\" >&2\n    exit 1\nfi\n# This output is used by Xcode 'outputs' to avoid re-running this script phase.\necho \"SUCCESS\" > \"${SCRIPT_OUTPUT_FILE_0}\"\n";
			showEnvVarsInLog = 0;
		};
/* End PBXShellScriptBuildPhase section */

/* Begin PBXSourcesBuildPhase section */
		4D2483302642CBE2002FFCE5 /* Sources */ = {
			isa = PBXSourcesBuildPhase;
			buildActionMask = 2147483647;
			files = (
				4DA5F0292646D2B000B346EC /* PerformanceTests.swift in Sources */,
				4D24833F2642CD03002FFCE5 /* AssetTests.swift in Sources */,
				4D2483432642D1C9002FFCE5 /* AwardTests.swift in Sources */,
				4D2483372642CBE2002FFCE5 /* UltimatePortfolioTests.swift in Sources */,
				4DA5F0222645732300B346EC /* ExtensionTests.swift in Sources */,
				4D2483412642CEA7002FFCE5 /* ProjectTests.swift in Sources */,
				4D2483452642D564002FFCE5 /* DevelopmentTests.swift in Sources */,
			);
			runOnlyForDeploymentPostprocessing = 0;
		};
		4DA4E194280EE94C004B9BCE /* Sources */ = {
			isa = PBXSourcesBuildPhase;
			buildActionMask = 2147483647;
			files = (
				4DA4E1BB280EEB62004B9BCE /* Main.xcdatamodeld in Sources */,
				4DA4E1C0280EEC29004B9BCE /* UnlockManager.swift in Sources */,
				4DA4E1A9280EEAC0004B9BCE /* UltimatePortfolioApp.swift in Sources */,
				4DA4E1CF280EEC7D004B9BCE /* LoadStates.swift in Sources */,
				4DA4E1B1280EEB37004B9BCE /* ProjectsViewModel.swift in Sources */,
				4DA4E1B4280EEB37004B9BCE /* ItemRowView.swift in Sources */,
				4DA4E1C1280EEC72004B9BCE /* Bundle-Decodable.swift in Sources */,
				4DA4E1C9280EEC72004B9BCE /* Project-CoreDataHelpers.swift in Sources */,
				4DA4E1D0280EEC7D004B9BCE /* SharedItemsView.swift in Sources */,
				4DA4E1C2280EEC72004B9BCE /* Binding-OnChange.swift in Sources */,
				4DA4E1AD280EEB2F004B9BCE /* ProjectSummaryView.swift in Sources */,
				4DA4E1AB280EEB2F004B9BCE /* ItemListView.swift in Sources */,
				4DA4E1CA280EEC72004B9BCE /* Error-CloudKitMessage.swift in Sources */,
				4DA4E1CD280EEC7D004B9BCE /* SharedProject.swift in Sources */,
				4D29C953280EF255004B1E7A /* CloudError.swift in Sources */,
				4DA4E1B3280EEB37004B9BCE /* ProjectHeaderView.swift in Sources */,
				4DA4E1D2280EEC91004B9BCE /* ProductView.swift in Sources */,
				4DA4E1C5280EEC72004B9BCE /* DataController-Awards.swift in Sources */,
				4DA4E1AE280EEB2F004B9BCE /* HomeView.swift in Sources */,
				4DA4E1DA280EEE6C004B9BCE /* Color-Additions.swift in Sources */,
				4DA4E1CC280EEC7D004B9BCE /* SharedProjectsView.swift in Sources */,
				4DA4E1CE280EEC7D004B9BCE /* SharedItem.swift in Sources */,
				4DA4E1C8280EEC72004B9BCE /* DataController-Reminders.swift in Sources */,
				4DA4E1BE280EEBB9004B9BCE /* ContentView.swift in Sources */,
				4DA4E1B9280EEB49004B9BCE /* Award.swift in Sources */,
				4D29C954280EF264004B1E7A /* SignInView.swift in Sources */,
				4DA4E1AF280EEB37004B9BCE /* ProjectsView.swift in Sources */,
				4DA4E1CB280EEC72004B9BCE /* Sequence-Sorting.swift in Sources */,
				4DA4E1B8280EEB49004B9BCE /* AwardsView.swift in Sources */,
				4DA4E1C4280EEC72004B9BCE /* SKProduct-LocalizedPrice.swift in Sources */,
				4DA4E1B0280EEB37004B9BCE /* SelectSomethingView.swift in Sources */,
				4DA4E1AA280EEAF4004B9BCE /* DataController.swift in Sources */,
				4DA4E1B7280EEB49004B9BCE /* AwardsViewModel.swift in Sources */,
				4DA4E1B5280EEB37004B9BCE /* ItemRowViewModel.swift in Sources */,
				4DA4E1D6280EECE1004B9BCE /* PlatformAdjustments.swift in Sources */,
				4DA4E1B2280EEB37004B9BCE /* EditProjectView.swift in Sources */,
				4DA4E1D4280EEC91004B9BCE /* UnlockView.swift in Sources */,
				4DA4E1AC280EEB2F004B9BCE /* HomeViewModel.swift in Sources */,
				4DA4E1B6280EEB37004B9BCE /* EditItemView.swift in Sources */,
				4DA4E1C7280EEC72004B9BCE /* Item-CoreDataHelpers.swift in Sources */,
				4DA4E1D1280EEC7D004B9BCE /* ChatMessage.swift in Sources */,
				4DA4E1D3280EEC91004B9BCE /* PurchaseButton.swift in Sources */,
			);
			runOnlyForDeploymentPostprocessing = 0;
		};
		4DE1B5F3264EB20F00F26330 /* Sources */ = {
			isa = PBXSourcesBuildPhase;
			buildActionMask = 2147483647;
			files = (
				4DE1B5FA264EB20F00F26330 /* UltimatePortfolioUITests.swift in Sources */,
			);
			runOnlyForDeploymentPostprocessing = 0;
		};
		4DE4CBBF26C00B8C009B1655 /* Sources */ = {
			isa = PBXSourcesBuildPhase;
			buildActionMask = 2147483647;
			files = (
				4DE4CBCA26C00B8C009B1655 /* PortfolioWidget.swift in Sources */,
				4DE4CBD526C00C51009B1655 /* DataController.swift in Sources */,
				4DE4CBD726C00C80009B1655 /* Main.xcdatamodeld in Sources */,
				4D801BB926C176F300D02581 /* SimpleWidget.swift in Sources */,
				4D801BBB26C1774400D02581 /* ComplexWidget.swift in Sources */,
				4D801BB526C1687B00D02581 /* Sequence-Sorting.swift in Sources */,
				4D801BBC26C17BD300D02581 /* DataProvider.swift in Sources */,
				4DE4CBD626C00C73009B1655 /* Item-CoreDataHelpers.swift in Sources */,
				4D801BB426C1687100D02581 /* Project-CoreDataHelpers.swift in Sources */,
			);
			runOnlyForDeploymentPostprocessing = 0;
		};
		4DEA3AA025504677007F14EC /* Sources */ = {
			isa = PBXSourcesBuildPhase;
			buildActionMask = 2147483647;
			files = (
				4D89EC9E255C25B30068BF27 /* ProjectsView.swift in Sources */,
				4D54731C26A70B19002590BF /* ProductView.swift in Sources */,
				4D12D74C263EDD8900E66186 /* ProjectSummaryView.swift in Sources */,
				4D8CCC02255ECD41009B0D8A /* ProjectHeaderView.swift in Sources */,
				4D8A19492566D7A900BAECEE /* AwardsView.swift in Sources */,
				4D9C350F26C55C260040055C /* SharedItem.swift in Sources */,
				4DEA3AB9255046E9007F14EC /* Main.xcdatamodeld in Sources */,
				4D205008265A8975008B4D03 /* UnlockManager.swift in Sources */,
				4D8EABF12652A34100214A6B /* HomeViewModel.swift in Sources */,
				4D89ECA4255C59220068BF27 /* Project-CoreDataHelpers.swift in Sources */,
				4D693C0525C5A3B0006255AE /* Color-Additions.swift in Sources */,
				4D21B9DC2561D277003C820E /* EditProjectView.swift in Sources */,
				4D89EC92255AD55B0068BF27 /* DataController.swift in Sources */,
				4DB9F71126C589C200FE300A /* SignInView.swift in Sources */,
				4D8EABF52652ACA400214A6B /* AwardsViewModel.swift in Sources */,
				4D8A193B2566D1B000BAECEE /* SelectSomethingView.swift in Sources */,
				4D54731E26A70C67002590BF /* UnlockView.swift in Sources */,
				4D8CCBFC255EC88C009B0D8A /* ItemRowView.swift in Sources */,
				4D54731A26A70A64002590BF /* PurchaseButton.swift in Sources */,
				4DEA3AAA25504677007F14EC /* ContentView.swift in Sources */,
				C3AC4F2227049DD300E92910 /* CloudError.swift in Sources */,
				4D8CCBFF255EC9F6009B0D8A /* Binding-OnChange.swift in Sources */,
				4DA4E1D8280EEDA1004B9BCE /* PlatformAdjustments.swift in Sources */,
				4DB9F71326C5D13500FE300A /* ChatMessage.swift in Sources */,
				4D8A191925655F7700BAECEE /* Sequence-Sorting.swift in Sources */,
				4D8A19452566D6EE00BAECEE /* Award.swift in Sources */,
				4DE4CBDC26C00DF7009B1655 /* DataController-Awards.swift in Sources */,
				C3AC4F2027049AA900E92910 /* Error-CloudKitMessage.swift in Sources */,
				4D8A193F2566D32900BAECEE /* Bundle-Decodable.swift in Sources */,
				4DE4CBDE26C00E99009B1655 /* DataController-Application.swift in Sources */,
				4D9C351426C55D1A0040055C /* SharedProjectsView.swift in Sources */,
				4D9C350D26C55B5D0040055C /* SharedProject.swift in Sources */,
				4DF93F0D26A8527D00A38FB2 /* AppDelegate.swift in Sources */,
				4DB9F70F26C582F100FE300A /* SharedItemsView.swift in Sources */,
				4D9C351126C55C8A0040055C /* LoadStates.swift in Sources */,
				4DF93F0F26A852A200A38FB2 /* SceneDelegate.swift in Sources */,
				4D12D74A263EDCA400E66186 /* ItemListView.swift in Sources */,
				4D89EC9A255C23F20068BF27 /* HomeView.swift in Sources */,
				4D54731826A709CB002590BF /* SKProduct-LocalizedPrice.swift in Sources */,
				4DEA3AA825504677007F14EC /* UltimatePortfolioApp.swift in Sources */,
				4D8EABF32652A8E200214A6B /* ItemRowViewModel.swift in Sources */,
				4D89ECA1255C586B0068BF27 /* Item-CoreDataHelpers.swift in Sources */,
				4DE4CBDA26C00DA4009B1655 /* DataController-Reminders.swift in Sources */,
				4D79E51B265158B300B6E71B /* ProjectsViewModel.swift in Sources */,
				4D89ECA7255D8B330068BF27 /* EditItemView.swift in Sources */,
			);
			runOnlyForDeploymentPostprocessing = 0;
		};
/* End PBXSourcesBuildPhase section */

/* Begin PBXTargetDependency section */
		4D24833A2642CBE2002FFCE5 /* PBXTargetDependency */ = {
			isa = PBXTargetDependency;
			target = 4DEA3AA325504677007F14EC /* UltimatePortfolio */;
			targetProxy = 4D2483392642CBE2002FFCE5 /* PBXContainerItemProxy */;
		};
		4DE1B5FD264EB20F00F26330 /* PBXTargetDependency */ = {
			isa = PBXTargetDependency;
			target = 4DEA3AA325504677007F14EC /* UltimatePortfolio */;
			targetProxy = 4DE1B5FC264EB20F00F26330 /* PBXContainerItemProxy */;
		};
		4DE4CBCF26C00B8E009B1655 /* PBXTargetDependency */ = {
			isa = PBXTargetDependency;
			target = 4DE4CBC226C00B8C009B1655 /* PortfolioWidgetExtension */;
			targetProxy = 4DE4CBCE26C00B8E009B1655 /* PBXContainerItemProxy */;
		};
/* End PBXTargetDependency section */

/* Begin PBXVariantGroup section */
		4D5806B825D428E0004108DD /* Localizable.strings */ = {
			isa = PBXVariantGroup;
			children = (
				4D5806B725D428E0004108DD /* en */,
				4D5806BA25D428EA004108DD /* hu */,
			);
			name = Localizable.strings;
			sourceTree = "<group>";
		};
		4D5806BD25D429A5004108DD /* Localizable.stringsdict */ = {
			isa = PBXVariantGroup;
			children = (
				4D5806BC25D429A5004108DD /* en */,
				4D5806BF25D429AA004108DD /* hu */,
			);
			name = Localizable.stringsdict;
			sourceTree = "<group>";
		};
		4D5806C325D42AC9004108DD /* Awards.json */ = {
			isa = PBXVariantGroup;
			children = (
				4D5806C225D42AC9004108DD /* en */,
				4D5806C525D42AD0004108DD /* hu */,
			);
			name = Awards.json;
			sourceTree = "<group>";
		};
/* End PBXVariantGroup section */

/* Begin XCBuildConfiguration section */
		4D24833B2642CBE2002FFCE5 /* Debug */ = {
			isa = XCBuildConfiguration;
			buildSettings = {
				BUNDLE_LOADER = "$(TEST_HOST)";
				CODE_SIGN_STYLE = Automatic;
				DEVELOPMENT_TEAM = 55AT6EYVPW;
				INFOPLIST_FILE = UltimatePortfolioTests/Info.plist;
				IPHONEOS_DEPLOYMENT_TARGET = 14.5;
				LD_RUNPATH_SEARCH_PATHS = (
					"$(inherited)",
					"@executable_path/Frameworks",
					"@loader_path/Frameworks",
				);
				PRODUCT_BUNDLE_IDENTIFIER = com.townsend.UltimatePortfolioTests;
				PRODUCT_NAME = "$(TARGET_NAME)";
				SWIFT_VERSION = 5.0;
				TARGETED_DEVICE_FAMILY = "1,2";
				TEST_HOST = "$(BUILT_PRODUCTS_DIR)/UltimatePortfolio.app/UltimatePortfolio";
			};
			name = Debug;
		};
		4D24833C2642CBE2002FFCE5 /* Release */ = {
			isa = XCBuildConfiguration;
			buildSettings = {
				BUNDLE_LOADER = "$(TEST_HOST)";
				CODE_SIGN_STYLE = Automatic;
				DEVELOPMENT_TEAM = 55AT6EYVPW;
				INFOPLIST_FILE = UltimatePortfolioTests/Info.plist;
				IPHONEOS_DEPLOYMENT_TARGET = 14.5;
				LD_RUNPATH_SEARCH_PATHS = (
					"$(inherited)",
					"@executable_path/Frameworks",
					"@loader_path/Frameworks",
				);
				PRODUCT_BUNDLE_IDENTIFIER = com.townsend.UltimatePortfolioTests;
				PRODUCT_NAME = "$(TARGET_NAME)";
				SWIFT_VERSION = 5.0;
				TARGETED_DEVICE_FAMILY = "1,2";
				TEST_HOST = "$(BUILT_PRODUCTS_DIR)/UltimatePortfolio.app/UltimatePortfolio";
			};
			name = Release;
		};
		4DA4E1A4280EE94D004B9BCE /* Debug */ = {
			isa = XCBuildConfiguration;
			buildSettings = {
				ASSETCATALOG_COMPILER_APPICON_NAME = AppIcon;
				ASSETCATALOG_COMPILER_GLOBAL_ACCENT_COLOR_NAME = AccentColor;
				CLANG_CXX_LANGUAGE_STANDARD = "gnu++17";
				CODE_SIGN_ENTITLEMENTS = UltimatePortfolioMac/UltimatePortfolioMac.entitlements;
				CODE_SIGN_STYLE = Automatic;
				COMBINE_HIDPI_IMAGES = YES;
				CURRENT_PROJECT_VERSION = 1;
				DEVELOPMENT_ASSET_PATHS = "\"UltimatePortfolioMac/Preview Content\"";
				DEVELOPMENT_TEAM = 55AT6EYVPW;
				ENABLE_HARDENED_RUNTIME = YES;
				ENABLE_PREVIEWS = YES;
				GENERATE_INFOPLIST_FILE = YES;
				INFOPLIST_KEY_NSHumanReadableCopyright = "";
				LD_RUNPATH_SEARCH_PATHS = (
					"$(inherited)",
					"@executable_path/../Frameworks",
				);
				MACOSX_DEPLOYMENT_TARGET = 12.3;
				MARKETING_VERSION = 1.0;
				PRODUCT_BUNDLE_IDENTIFIER = com.townsend.UltimatePortfolioMac;
				PRODUCT_NAME = "$(TARGET_NAME)";
				SDKROOT = macosx;
				SWIFT_EMIT_LOC_STRINGS = YES;
				SWIFT_VERSION = 5.0;
			};
			name = Debug;
		};
		4DA4E1A5280EE94D004B9BCE /* Release */ = {
			isa = XCBuildConfiguration;
			buildSettings = {
				ASSETCATALOG_COMPILER_APPICON_NAME = AppIcon;
				ASSETCATALOG_COMPILER_GLOBAL_ACCENT_COLOR_NAME = AccentColor;
				CLANG_CXX_LANGUAGE_STANDARD = "gnu++17";
				CODE_SIGN_ENTITLEMENTS = UltimatePortfolioMac/UltimatePortfolioMac.entitlements;
				CODE_SIGN_STYLE = Automatic;
				COMBINE_HIDPI_IMAGES = YES;
				CURRENT_PROJECT_VERSION = 1;
				DEVELOPMENT_ASSET_PATHS = "\"UltimatePortfolioMac/Preview Content\"";
				DEVELOPMENT_TEAM = 55AT6EYVPW;
				ENABLE_HARDENED_RUNTIME = YES;
				ENABLE_PREVIEWS = YES;
				GENERATE_INFOPLIST_FILE = YES;
				INFOPLIST_KEY_NSHumanReadableCopyright = "";
				LD_RUNPATH_SEARCH_PATHS = (
					"$(inherited)",
					"@executable_path/../Frameworks",
				);
				MACOSX_DEPLOYMENT_TARGET = 12.3;
				MARKETING_VERSION = 1.0;
				PRODUCT_BUNDLE_IDENTIFIER = com.townsend.UltimatePortfolioMac;
				PRODUCT_NAME = "$(TARGET_NAME)";
				SDKROOT = macosx;
				SWIFT_EMIT_LOC_STRINGS = YES;
				SWIFT_VERSION = 5.0;
			};
			name = Release;
		};
		4DE1B5FE264EB20F00F26330 /* Debug */ = {
			isa = XCBuildConfiguration;
			buildSettings = {
				CODE_SIGN_STYLE = Automatic;
				DEVELOPMENT_TEAM = 55AT6EYVPW;
				INFOPLIST_FILE = UltimatePortfolioUITests/Info.plist;
				IPHONEOS_DEPLOYMENT_TARGET = 14.5;
				LD_RUNPATH_SEARCH_PATHS = (
					"$(inherited)",
					"@executable_path/Frameworks",
					"@loader_path/Frameworks",
				);
				PRODUCT_BUNDLE_IDENTIFIER = com.townsend.UltimatePortfolioUITests;
				PRODUCT_NAME = "$(TARGET_NAME)";
				SWIFT_VERSION = 5.0;
				TARGETED_DEVICE_FAMILY = "1,2";
				TEST_TARGET_NAME = UltimatePortfolio;
			};
			name = Debug;
		};
		4DE1B5FF264EB20F00F26330 /* Release */ = {
			isa = XCBuildConfiguration;
			buildSettings = {
				CODE_SIGN_STYLE = Automatic;
				DEVELOPMENT_TEAM = 55AT6EYVPW;
				INFOPLIST_FILE = UltimatePortfolioUITests/Info.plist;
				IPHONEOS_DEPLOYMENT_TARGET = 14.5;
				LD_RUNPATH_SEARCH_PATHS = (
					"$(inherited)",
					"@executable_path/Frameworks",
					"@loader_path/Frameworks",
				);
				PRODUCT_BUNDLE_IDENTIFIER = com.townsend.UltimatePortfolioUITests;
				PRODUCT_NAME = "$(TARGET_NAME)";
				SWIFT_VERSION = 5.0;
				TARGETED_DEVICE_FAMILY = "1,2";
				TEST_TARGET_NAME = UltimatePortfolio;
			};
			name = Release;
		};
		4DE4CBD226C00B8E009B1655 /* Debug */ = {
			isa = XCBuildConfiguration;
			buildSettings = {
				ASSETCATALOG_COMPILER_GLOBAL_ACCENT_COLOR_NAME = AccentColor;
				ASSETCATALOG_COMPILER_WIDGET_BACKGROUND_COLOR_NAME = WidgetBackground;
				CLANG_CXX_LANGUAGE_STANDARD = "gnu++17";
				CODE_SIGN_ENTITLEMENTS = PortfolioWidgetExtension.entitlements;
				CODE_SIGN_STYLE = Automatic;
				CURRENT_PROJECT_VERSION = 1;
				DEVELOPMENT_TEAM = 55AT6EYVPW;
				GENERATE_INFOPLIST_FILE = YES;
				INFOPLIST_FILE = PortfolioWidget/Info.plist;
				INFOPLIST_KEY_CFBundleDisplayName = PortfolioWidget;
				INFOPLIST_KEY_NSHumanReadableCopyright = "";
				IPHONEOS_DEPLOYMENT_TARGET = 14.0;
				LD_RUNPATH_SEARCH_PATHS = (
					"$(inherited)",
					"@executable_path/Frameworks",
					"@executable_path/../../Frameworks",
				);
				MARKETING_VERSION = 1.0;
				PRODUCT_BUNDLE_IDENTIFIER = com.townsend.UltimatePortfolio.PortfolioWidget;
				PRODUCT_NAME = "$(TARGET_NAME)";
				SKIP_INSTALL = YES;
				SWIFT_EMIT_LOC_STRINGS = YES;
				SWIFT_VERSION = 5.0;
				TARGETED_DEVICE_FAMILY = "1,2";
			};
			name = Debug;
		};
		4DE4CBD326C00B8E009B1655 /* Release */ = {
			isa = XCBuildConfiguration;
			buildSettings = {
				ASSETCATALOG_COMPILER_GLOBAL_ACCENT_COLOR_NAME = AccentColor;
				ASSETCATALOG_COMPILER_WIDGET_BACKGROUND_COLOR_NAME = WidgetBackground;
				CLANG_CXX_LANGUAGE_STANDARD = "gnu++17";
				CODE_SIGN_ENTITLEMENTS = PortfolioWidgetExtension.entitlements;
				CODE_SIGN_STYLE = Automatic;
				CURRENT_PROJECT_VERSION = 1;
				DEVELOPMENT_TEAM = 55AT6EYVPW;
				GENERATE_INFOPLIST_FILE = YES;
				INFOPLIST_FILE = PortfolioWidget/Info.plist;
				INFOPLIST_KEY_CFBundleDisplayName = PortfolioWidget;
				INFOPLIST_KEY_NSHumanReadableCopyright = "";
				IPHONEOS_DEPLOYMENT_TARGET = 14.0;
				LD_RUNPATH_SEARCH_PATHS = (
					"$(inherited)",
					"@executable_path/Frameworks",
					"@executable_path/../../Frameworks",
				);
				MARKETING_VERSION = 1.0;
				PRODUCT_BUNDLE_IDENTIFIER = com.townsend.UltimatePortfolio.PortfolioWidget;
				PRODUCT_NAME = "$(TARGET_NAME)";
				SKIP_INSTALL = YES;
				SWIFT_EMIT_LOC_STRINGS = YES;
				SWIFT_VERSION = 5.0;
				TARGETED_DEVICE_FAMILY = "1,2";
			};
			name = Release;
		};
		4DEA3AB125504678007F14EC /* Debug */ = {
			isa = XCBuildConfiguration;
			buildSettings = {
				ALWAYS_SEARCH_USER_PATHS = NO;
				CLANG_ANALYZER_LOCALIZABILITY_NONLOCALIZED = YES;
				CLANG_ANALYZER_NONNULL = YES;
				CLANG_ANALYZER_NUMBER_OBJECT_CONVERSION = YES_AGGRESSIVE;
				CLANG_CXX_LANGUAGE_STANDARD = "gnu++14";
				CLANG_CXX_LIBRARY = "libc++";
				CLANG_ENABLE_MODULES = YES;
				CLANG_ENABLE_OBJC_ARC = YES;
				CLANG_ENABLE_OBJC_WEAK = YES;
				CLANG_WARN_BLOCK_CAPTURE_AUTORELEASING = YES;
				CLANG_WARN_BOOL_CONVERSION = YES;
				CLANG_WARN_COMMA = YES;
				CLANG_WARN_CONSTANT_CONVERSION = YES;
				CLANG_WARN_DEPRECATED_OBJC_IMPLEMENTATIONS = YES;
				CLANG_WARN_DIRECT_OBJC_ISA_USAGE = YES_ERROR;
				CLANG_WARN_DOCUMENTATION_COMMENTS = YES;
				CLANG_WARN_EMPTY_BODY = YES;
				CLANG_WARN_ENUM_CONVERSION = YES;
				CLANG_WARN_INFINITE_RECURSION = YES;
				CLANG_WARN_INT_CONVERSION = YES;
				CLANG_WARN_NON_LITERAL_NULL_CONVERSION = YES;
				CLANG_WARN_OBJC_IMPLICIT_RETAIN_SELF = YES;
				CLANG_WARN_OBJC_LITERAL_CONVERSION = YES;
				CLANG_WARN_OBJC_ROOT_CLASS = YES_ERROR;
				CLANG_WARN_QUOTED_INCLUDE_IN_FRAMEWORK_HEADER = YES;
				CLANG_WARN_RANGE_LOOP_ANALYSIS = YES;
				CLANG_WARN_STRICT_PROTOTYPES = YES;
				CLANG_WARN_SUSPICIOUS_MOVE = YES;
				CLANG_WARN_UNGUARDED_AVAILABILITY = YES_AGGRESSIVE;
				CLANG_WARN_UNREACHABLE_CODE = YES;
				CLANG_WARN__DUPLICATE_METHOD_MATCH = YES;
				COPY_PHASE_STRIP = NO;
				DEBUG_INFORMATION_FORMAT = dwarf;
				ENABLE_STRICT_OBJC_MSGSEND = YES;
				ENABLE_TESTABILITY = YES;
				GCC_C_LANGUAGE_STANDARD = gnu11;
				GCC_DYNAMIC_NO_PIC = NO;
				GCC_NO_COMMON_BLOCKS = YES;
				GCC_OPTIMIZATION_LEVEL = 0;
				GCC_PREPROCESSOR_DEFINITIONS = (
					"DEBUG=1",
					"$(inherited)",
				);
				GCC_WARN_64_TO_32_BIT_CONVERSION = YES;
				GCC_WARN_ABOUT_RETURN_TYPE = YES_ERROR;
				GCC_WARN_UNDECLARED_SELECTOR = YES;
				GCC_WARN_UNINITIALIZED_AUTOS = YES_AGGRESSIVE;
				GCC_WARN_UNUSED_FUNCTION = YES;
				GCC_WARN_UNUSED_VARIABLE = YES;
				IPHONEOS_DEPLOYMENT_TARGET = 15.0;
				MTL_ENABLE_DEBUG_INFO = INCLUDE_SOURCE;
				MTL_FAST_MATH = YES;
				ONLY_ACTIVE_ARCH = YES;
				SDKROOT = iphoneos;
				SWIFT_ACTIVE_COMPILATION_CONDITIONS = DEBUG;
				SWIFT_OPTIMIZATION_LEVEL = "-Onone";
			};
			name = Debug;
		};
		4DEA3AB225504678007F14EC /* Release */ = {
			isa = XCBuildConfiguration;
			buildSettings = {
				ALWAYS_SEARCH_USER_PATHS = NO;
				CLANG_ANALYZER_LOCALIZABILITY_NONLOCALIZED = YES;
				CLANG_ANALYZER_NONNULL = YES;
				CLANG_ANALYZER_NUMBER_OBJECT_CONVERSION = YES_AGGRESSIVE;
				CLANG_CXX_LANGUAGE_STANDARD = "gnu++14";
				CLANG_CXX_LIBRARY = "libc++";
				CLANG_ENABLE_MODULES = YES;
				CLANG_ENABLE_OBJC_ARC = YES;
				CLANG_ENABLE_OBJC_WEAK = YES;
				CLANG_WARN_BLOCK_CAPTURE_AUTORELEASING = YES;
				CLANG_WARN_BOOL_CONVERSION = YES;
				CLANG_WARN_COMMA = YES;
				CLANG_WARN_CONSTANT_CONVERSION = YES;
				CLANG_WARN_DEPRECATED_OBJC_IMPLEMENTATIONS = YES;
				CLANG_WARN_DIRECT_OBJC_ISA_USAGE = YES_ERROR;
				CLANG_WARN_DOCUMENTATION_COMMENTS = YES;
				CLANG_WARN_EMPTY_BODY = YES;
				CLANG_WARN_ENUM_CONVERSION = YES;
				CLANG_WARN_INFINITE_RECURSION = YES;
				CLANG_WARN_INT_CONVERSION = YES;
				CLANG_WARN_NON_LITERAL_NULL_CONVERSION = YES;
				CLANG_WARN_OBJC_IMPLICIT_RETAIN_SELF = YES;
				CLANG_WARN_OBJC_LITERAL_CONVERSION = YES;
				CLANG_WARN_OBJC_ROOT_CLASS = YES_ERROR;
				CLANG_WARN_QUOTED_INCLUDE_IN_FRAMEWORK_HEADER = YES;
				CLANG_WARN_RANGE_LOOP_ANALYSIS = YES;
				CLANG_WARN_STRICT_PROTOTYPES = YES;
				CLANG_WARN_SUSPICIOUS_MOVE = YES;
				CLANG_WARN_UNGUARDED_AVAILABILITY = YES_AGGRESSIVE;
				CLANG_WARN_UNREACHABLE_CODE = YES;
				CLANG_WARN__DUPLICATE_METHOD_MATCH = YES;
				COPY_PHASE_STRIP = NO;
				DEBUG_INFORMATION_FORMAT = "dwarf-with-dsym";
				ENABLE_NS_ASSERTIONS = NO;
				ENABLE_STRICT_OBJC_MSGSEND = YES;
				GCC_C_LANGUAGE_STANDARD = gnu11;
				GCC_NO_COMMON_BLOCKS = YES;
				GCC_WARN_64_TO_32_BIT_CONVERSION = YES;
				GCC_WARN_ABOUT_RETURN_TYPE = YES_ERROR;
				GCC_WARN_UNDECLARED_SELECTOR = YES;
				GCC_WARN_UNINITIALIZED_AUTOS = YES_AGGRESSIVE;
				GCC_WARN_UNUSED_FUNCTION = YES;
				GCC_WARN_UNUSED_VARIABLE = YES;
				IPHONEOS_DEPLOYMENT_TARGET = 15.0;
				MTL_ENABLE_DEBUG_INFO = NO;
				MTL_FAST_MATH = YES;
				SDKROOT = iphoneos;
				SWIFT_COMPILATION_MODE = wholemodule;
				SWIFT_OPTIMIZATION_LEVEL = "-O";
				VALIDATE_PRODUCT = YES;
			};
			name = Release;
		};
		4DEA3AB425504678007F14EC /* Debug */ = {
			isa = XCBuildConfiguration;
			baseConfigurationReference = FE0F2C239DBDE644E89C7457 /* Pods-UltimatePortfolio.debug.xcconfig */;
			buildSettings = {
				ALWAYS_EMBED_SWIFT_STANDARD_LIBRARIES = YES;
				ASSETCATALOG_COMPILER_APPICON_NAME = AppIcon;
				ASSETCATALOG_COMPILER_GLOBAL_ACCENT_COLOR_NAME = AccentColor;
				CODE_SIGN_ENTITLEMENTS = UltimatePortfolio/Configuration/UltimatePortfolio.entitlements;
				CODE_SIGN_STYLE = Automatic;
				DEVELOPMENT_ASSET_PATHS = "\"UltimatePortfolio/Preview Content\"";
				DEVELOPMENT_TEAM = 55AT6EYVPW;
				ENABLE_PREVIEWS = YES;
				INFOPLIST_FILE = UltimatePortfolio/Configuration/Info.plist;
				IPHONEOS_DEPLOYMENT_TARGET = 15.0;
				LD_RUNPATH_SEARCH_PATHS = (
					"$(inherited)",
					"@executable_path/Frameworks",
				);
				PRODUCT_BUNDLE_IDENTIFIER = com.townsend.UltimatePortfolio;
				PRODUCT_NAME = "$(TARGET_NAME)";
				SWIFT_VERSION = 5.0;
				TARGETED_DEVICE_FAMILY = "1,2";
			};
			name = Debug;
		};
		4DEA3AB525504678007F14EC /* Release */ = {
			isa = XCBuildConfiguration;
			baseConfigurationReference = BD7801A2C440EA0EC6B7772E /* Pods-UltimatePortfolio.release.xcconfig */;
			buildSettings = {
				ALWAYS_EMBED_SWIFT_STANDARD_LIBRARIES = YES;
				ASSETCATALOG_COMPILER_APPICON_NAME = AppIcon;
				ASSETCATALOG_COMPILER_GLOBAL_ACCENT_COLOR_NAME = AccentColor;
				CODE_SIGN_ENTITLEMENTS = UltimatePortfolio/Configuration/UltimatePortfolio.entitlements;
				CODE_SIGN_STYLE = Automatic;
				DEVELOPMENT_ASSET_PATHS = "\"UltimatePortfolio/Preview Content\"";
				DEVELOPMENT_TEAM = 55AT6EYVPW;
				ENABLE_PREVIEWS = YES;
				INFOPLIST_FILE = UltimatePortfolio/Configuration/Info.plist;
				IPHONEOS_DEPLOYMENT_TARGET = 15.0;
				LD_RUNPATH_SEARCH_PATHS = (
					"$(inherited)",
					"@executable_path/Frameworks",
				);
				PRODUCT_BUNDLE_IDENTIFIER = com.townsend.UltimatePortfolio;
				PRODUCT_NAME = "$(TARGET_NAME)";
				SWIFT_VERSION = 5.0;
				TARGETED_DEVICE_FAMILY = "1,2";
			};
			name = Release;
		};
/* End XCBuildConfiguration section */

/* Begin XCConfigurationList section */
		4D24833D2642CBE2002FFCE5 /* Build configuration list for PBXNativeTarget "UltimatePortfolioTests" */ = {
			isa = XCConfigurationList;
			buildConfigurations = (
				4D24833B2642CBE2002FFCE5 /* Debug */,
				4D24833C2642CBE2002FFCE5 /* Release */,
			);
			defaultConfigurationIsVisible = 0;
			defaultConfigurationName = Release;
		};
		4DA4E1A6280EE94D004B9BCE /* Build configuration list for PBXNativeTarget "UltimatePortfolioMac" */ = {
			isa = XCConfigurationList;
			buildConfigurations = (
				4DA4E1A4280EE94D004B9BCE /* Debug */,
				4DA4E1A5280EE94D004B9BCE /* Release */,
			);
			defaultConfigurationIsVisible = 0;
			defaultConfigurationName = Release;
		};
		4DE1B600264EB20F00F26330 /* Build configuration list for PBXNativeTarget "UltimatePortfolioUITests" */ = {
			isa = XCConfigurationList;
			buildConfigurations = (
				4DE1B5FE264EB20F00F26330 /* Debug */,
				4DE1B5FF264EB20F00F26330 /* Release */,
			);
			defaultConfigurationIsVisible = 0;
			defaultConfigurationName = Release;
		};
		4DE4CBD426C00B8E009B1655 /* Build configuration list for PBXNativeTarget "PortfolioWidgetExtension" */ = {
			isa = XCConfigurationList;
			buildConfigurations = (
				4DE4CBD226C00B8E009B1655 /* Debug */,
				4DE4CBD326C00B8E009B1655 /* Release */,
			);
			defaultConfigurationIsVisible = 0;
			defaultConfigurationName = Release;
		};
		4DEA3A9F25504677007F14EC /* Build configuration list for PBXProject "UltimatePortfolio" */ = {
			isa = XCConfigurationList;
			buildConfigurations = (
				4DEA3AB125504678007F14EC /* Debug */,
				4DEA3AB225504678007F14EC /* Release */,
			);
			defaultConfigurationIsVisible = 0;
			defaultConfigurationName = Release;
		};
		4DEA3AB325504678007F14EC /* Build configuration list for PBXNativeTarget "UltimatePortfolio" */ = {
			isa = XCConfigurationList;
			buildConfigurations = (
				4DEA3AB425504678007F14EC /* Debug */,
				4DEA3AB525504678007F14EC /* Release */,
			);
			defaultConfigurationIsVisible = 0;
			defaultConfigurationName = Release;
		};
/* End XCConfigurationList section */

/* Begin XCVersionGroup section */
		4DEA3AB7255046E9007F14EC /* Main.xcdatamodeld */ = {
			isa = XCVersionGroup;
			children = (
				4DEA3AB8255046E9007F14EC /* Main.xcdatamodel */,
			);
			currentVersion = 4DEA3AB8255046E9007F14EC /* Main.xcdatamodel */;
			path = Main.xcdatamodeld;
			sourceTree = "<group>";
			versionGroupType = wrapper.xcdatamodel;
		};
/* End XCVersionGroup section */
	};
	rootObject = 4DEA3A9C25504677007F14EC /* Project object */;
}
